PODS:
  - FSCalendar (0.5.0)
  - SSLunarDate (0.0.1)

DEPENDENCIES:
  - FSCalendar (from `../`)
  - SSLunarDate

EXTERNAL SOURCES:
  FSCalendar:
    :path: ../

SPEC CHECKSUMS:
  FSCalendar: e99da144305a3d91d0b744288ad0b87b490ee347
  SSLunarDate: b325b0e4d6e15a9fb7bfb63e5f8e16291d5dd8d9

COCOAPODS: 0.36.0
