// !$*UTF8*$!
{
	archiveVersion = 1;
	classes = {
	};
	objectVersion = 46;
	objects = {

/* Begin PBXBuildFile section */
		30024F951BD1015300B1C04C /* DelegateAppearanceViewController.m in Sources */ = {isa = PBXBuildFile; fileRef = 30024F941BD1015300B1C04C /* DelegateAppearanceViewController.m */; };
		307E05B91C61EC5C0052A9B4 /* FSCalendarEventIndicator.h in Headers */ = {isa = PBXBuildFile; fileRef = 307E05B71C61EC5C0052A9B4 /* FSCalendarEventIndicator.h */; settings = {ATTRIBUTES = (Private, ); }; };
		307E05BA1C61EC5C0052A9B4 /* FSCalendarEventIndicator.m in Sources */ = {isa = PBXBuildFile; fileRef = 307E05B81C61EC5C0052A9B4 /* FSCalendarEventIndicator.m */; };
		307E05BB1C61EC5C0052A9B4 /* FSCalendarEventIndicator.m in Sources */ = {isa = PBXBuildFile; fileRef = 307E05B81C61EC5C0052A9B4 /* FSCalendarEventIndicator.m */; };
		307E05BE1C61ED320052A9B4 /* CALayer+FSExtension.h in Headers */ = {isa = PBXBuildFile; fileRef = 307E05BC1C61ED320052A9B4 /* CALayer+FSExtension.h */; settings = {ATTRIBUTES = (Private, ); }; };
		307E05BF1C61ED320052A9B4 /* CALayer+FSExtension.m in Sources */ = {isa = PBXBuildFile; fileRef = 307E05BD1C61ED320052A9B4 /* CALayer+FSExtension.m */; };
		307E05C01C61ED320052A9B4 /* CALayer+FSExtension.m in Sources */ = {isa = PBXBuildFile; fileRef = 307E05BD1C61ED320052A9B4 /* CALayer+FSExtension.m */; };
		3084BD191BF9AB8100C956F7 /* CalendarIdentifierViewController.m in Sources */ = {isa = PBXBuildFile; fileRef = 3084BD181BF9AB8100C956F7 /* CalendarIdentifierViewController.m */; };
		3092253A1B905C4300123031 /* FSCalendarConstance.h in Headers */ = {isa = PBXBuildFile; fileRef = 309225381B905C4300123031 /* FSCalendarConstance.h */; settings = {ATTRIBUTES = (Public, ); }; };
		3092253B1B905C4300123031 /* FSCalendarConstance.m in Sources */ = {isa = PBXBuildFile; fileRef = 309225391B905C4300123031 /* FSCalendarConstance.m */; };
		3092253C1B905C4300123031 /* FSCalendarConstance.m in Sources */ = {isa = PBXBuildFile; fileRef = 309225391B905C4300123031 /* FSCalendarConstance.m */; };
		3095398F1C38D66C00BD37AA /* FSCalendarFlowLayout.h in Headers */ = {isa = PBXBuildFile; fileRef = 3095398D1C38D66C00BD37AA /* FSCalendarFlowLayout.h */; settings = {ATTRIBUTES = (Private, ); }; };
		309539901C38D66C00BD37AA /* FSCalendarFlowLayout.m in Sources */ = {isa = PBXBuildFile; fileRef = 3095398E1C38D66C00BD37AA /* FSCalendarFlowLayout.m */; };
		309539911C38D66C00BD37AA /* FSCalendarFlowLayout.m in Sources */ = {isa = PBXBuildFile; fileRef = 3095398E1C38D66C00BD37AA /* FSCalendarFlowLayout.m */; };
		30B0BA9B1B8D8BC9004B9476 /* FSCalendar.framework in Embed Frameworks */ = {isa = PBXBuildFile; fileRef = EE638CE21B8A1F550006DD1A /* FSCalendar.framework */; settings = {ATTRIBUTES = (CodeSignOnCopy, RemoveHeadersOnCopy, ); }; };
		30B0BACF1B8D8E23004B9476 /* FSCalendar+IBExtension.m in Sources */ = {isa = PBXBuildFile; fileRef = 30B0BABE1B8D8E22004B9476 /* FSCalendar+IBExtension.m */; };
		30B0BAD01B8D8E23004B9476 /* FSCalendar.m in Sources */ = {isa = PBXBuildFile; fileRef = 30B0BAC01B8D8E22004B9476 /* FSCalendar.m */; };
		30B0BAD11B8D8E23004B9476 /* FSCalendarAppearance.m in Sources */ = {isa = PBXBuildFile; fileRef = 30B0BAC21B8D8E22004B9476 /* FSCalendarAppearance.m */; };
		30B0BAD21B8D8E23004B9476 /* FSCalendarCell.m in Sources */ = {isa = PBXBuildFile; fileRef = 30B0BAC41B8D8E22004B9476 /* FSCalendarCell.m */; };
		30B0BAD31B8D8E23004B9476 /* FSCalendarHeader.m in Sources */ = {isa = PBXBuildFile; fileRef = 30B0BAC71B8D8E22004B9476 /* FSCalendarHeader.m */; };
		30B0BAD51B8D8E23004B9476 /* Info.plist in Resources */ = {isa = PBXBuildFile; fileRef = 30B0BACA1B8D8E22004B9476 /* Info.plist */; };
		30B0BAD61B8D8E23004B9476 /* NSDate+FSExtension.m in Sources */ = {isa = PBXBuildFile; fileRef = 30B0BACC1B8D8E22004B9476 /* NSDate+FSExtension.m */; };
		30B0BAD71B8D8E23004B9476 /* UIView+FSExtension.m in Sources */ = {isa = PBXBuildFile; fileRef = 30B0BACE1B8D8E22004B9476 /* UIView+FSExtension.m */; };
		30B0BAF41B8D9AC1004B9476 /* FSCalendar+IBExtension.m in Sources */ = {isa = PBXBuildFile; fileRef = 30B0BABE1B8D8E22004B9476 /* FSCalendar+IBExtension.m */; };
		30B0BAF61B8D9AC1004B9476 /* FSCalendarAppearance.m in Sources */ = {isa = PBXBuildFile; fileRef = 30B0BAC21B8D8E22004B9476 /* FSCalendarAppearance.m */; };
		30B0BAF71B8D9AC1004B9476 /* FSCalendarCell.m in Sources */ = {isa = PBXBuildFile; fileRef = 30B0BAC41B8D8E22004B9476 /* FSCalendarCell.m */; };
		30B0BAF81B8D9AC1004B9476 /* FSCalendarHeader.m in Sources */ = {isa = PBXBuildFile; fileRef = 30B0BAC71B8D8E22004B9476 /* FSCalendarHeader.m */; };
		30B0BAFA1B8D9AC1004B9476 /* NSDate+FSExtension.m in Sources */ = {isa = PBXBuildFile; fileRef = 30B0BACC1B8D8E22004B9476 /* NSDate+FSExtension.m */; };
		30B0BAFB1B8D9AC1004B9476 /* UIView+FSExtension.m in Sources */ = {isa = PBXBuildFile; fileRef = 30B0BACE1B8D8E22004B9476 /* UIView+FSExtension.m */; };
		30B0BAFC1B8D9AD4004B9476 /* FSCalendar.h in Headers */ = {isa = PBXBuildFile; fileRef = 30B0BABF1B8D8E22004B9476 /* FSCalendar.h */; settings = {ATTRIBUTES = (Public, ); }; };
		30B0BB001B8D9B6C004B9476 /* FSCalendar+IBExtension.h in Headers */ = {isa = PBXBuildFile; fileRef = 30B0BABD1B8D8E22004B9476 /* FSCalendar+IBExtension.h */; settings = {ATTRIBUTES = (Private, ); }; };
		30B0BB011B8D9B6C004B9476 /* FSCalendarAppearance.h in Headers */ = {isa = PBXBuildFile; fileRef = 30B0BAC11B8D8E22004B9476 /* FSCalendarAppearance.h */; settings = {ATTRIBUTES = (Public, ); }; };
		30B0BB021B8D9B6C004B9476 /* FSCalendarCell.h in Headers */ = {isa = PBXBuildFile; fileRef = 30B0BAC31B8D8E22004B9476 /* FSCalendarCell.h */; settings = {ATTRIBUTES = (Private, ); }; };
		30B0BB031B8D9B6D004B9476 /* FSCalendarDynamicHeader.h in Headers */ = {isa = PBXBuildFile; fileRef = 30B0BAC51B8D8E22004B9476 /* FSCalendarDynamicHeader.h */; settings = {ATTRIBUTES = (Private, ); }; };
		30B0BB041B8D9B6D004B9476 /* FSCalendarHeader.h in Headers */ = {isa = PBXBuildFile; fileRef = 30B0BAC61B8D8E22004B9476 /* FSCalendarHeader.h */; settings = {ATTRIBUTES = (Private, ); }; };
		30B0BB061B8D9B6D004B9476 /* NSDate+FSExtension.h in Headers */ = {isa = PBXBuildFile; fileRef = 30B0BACB1B8D8E22004B9476 /* NSDate+FSExtension.h */; settings = {ATTRIBUTES = (Private, ); }; };
		30B0BB071B8D9B6D004B9476 /* UIView+FSExtension.h in Headers */ = {isa = PBXBuildFile; fileRef = 30B0BACD1B8D8E22004B9476 /* UIView+FSExtension.h */; settings = {ATTRIBUTES = (Private, ); }; };
		30F5D8561B9FC33400C1C201 /* FSCalendar.m in Sources */ = {isa = PBXBuildFile; fileRef = 30B0BAC01B8D8E22004B9476 /* FSCalendar.m */; };
		30F5D85A1B9FC4BB00C1C201 /* MultipleSelectionViewController.m in Sources */ = {isa = PBXBuildFile; fileRef = 30F5D8591B9FC4BB00C1C201 /* MultipleSelectionViewController.m */; };
		30FCB3961BAAD112002B87AD /* FSCalendarStickyHeader.h in Headers */ = {isa = PBXBuildFile; fileRef = 30FCB3941BAAD112002B87AD /* FSCalendarStickyHeader.h */; settings = {ATTRIBUTES = (Private, ); }; };
		30FCB3971BAAD112002B87AD /* FSCalendarStickyHeader.m in Sources */ = {isa = PBXBuildFile; fileRef = 30FCB3951BAAD112002B87AD /* FSCalendarStickyHeader.m */; };
		30FCB3981BAAD112002B87AD /* FSCalendarStickyHeader.m in Sources */ = {isa = PBXBuildFile; fileRef = 30FCB3951BAAD112002B87AD /* FSCalendarStickyHeader.m */; };
		EE52AE181B91E68A00016662 /* FSCalendarScopeExampleViewController.m in Sources */ = {isa = PBXBuildFile; fileRef = EE52AE171B91E68A00016662 /* FSCalendarScopeExampleViewController.m */; };
		EE638CC31B89DB6E0006DD1A /* LoadViewExampleViewController.m in Sources */ = {isa = PBXBuildFile; fileRef = EE638CC21B89DB6E0006DD1A /* LoadViewExampleViewController.m */; };
		EE638CC61B89DB7D0006DD1A /* ViewDidLoadExampleViewController.m in Sources */ = {isa = PBXBuildFile; fileRef = EE638CC51B89DB7D0006DD1A /* ViewDidLoadExampleViewController.m */; };
		EE638CC91B89DB940006DD1A /* CalendarConfigViewController.m in Sources */ = {isa = PBXBuildFile; fileRef = EE638CC81B89DB940006DD1A /* CalendarConfigViewController.m */; };
		EE638CCB1B89DBAC0006DD1A /* main.m in Sources */ = {isa = PBXBuildFile; fileRef = EE638CCA1B89DBAC0006DD1A /* main.m */; };
		EE638CCE1B89DBD80006DD1A /* StoryboardExampleViewController.m in Sources */ = {isa = PBXBuildFile; fileRef = EE638CCD1B89DBD80006DD1A /* StoryboardExampleViewController.m */; };
		EE638CD31B89DBE90006DD1A /* AppDelegate.m in Sources */ = {isa = PBXBuildFile; fileRef = EE638CD01B89DBE90006DD1A /* AppDelegate.m */; };
		EE638CD41B89DBE90006DD1A /* FSTableViewController.m in Sources */ = {isa = PBXBuildFile; fileRef = EE638CD21B89DBE90006DD1A /* FSTableViewController.m */; };
		EE638CD91B89DC0A0006DD1A /* Main_iPad.storyboard in Resources */ = {isa = PBXBuildFile; fileRef = EE638CD51B89DC090006DD1A /* Main_iPad.storyboard */; };
		EE638CDA1B89DC0A0006DD1A /* Main_iPhone.storyboard in Resources */ = {isa = PBXBuildFile; fileRef = EE638CD71B89DC090006DD1A /* Main_iPhone.storyboard */; };
		EE638CDC1B89DC230006DD1A /* Images.xcassets in Resources */ = {isa = PBXBuildFile; fileRef = EE638CDB1B89DC230006DD1A /* Images.xcassets */; };
		EE89AF9E1B9162B90001B657 /* NSString+FSExtension.h in Headers */ = {isa = PBXBuildFile; fileRef = EE89AF9C1B9162B90001B657 /* NSString+FSExtension.h */; settings = {ATTRIBUTES = (Private, ); }; };
		EE89AF9F1B9162B90001B657 /* NSString+FSExtension.m in Sources */ = {isa = PBXBuildFile; fileRef = EE89AF9D1B9162B90001B657 /* NSString+FSExtension.m */; };
		EE89AFA01B9162B90001B657 /* NSString+FSExtension.m in Sources */ = {isa = PBXBuildFile; fileRef = EE89AF9D1B9162B90001B657 /* NSString+FSExtension.m */; };
		EEC9C0391BDC9E7000383A07 /* FSCalendarCollectionView.h in Headers */ = {isa = PBXBuildFile; fileRef = EEC9C0371BDC9E7000383A07 /* FSCalendarCollectionView.h */; settings = {ATTRIBUTES = (Private, ); }; };
		EEC9C03A1BDC9E7000383A07 /* FSCalendarCollectionView.m in Sources */ = {isa = PBXBuildFile; fileRef = EEC9C0381BDC9E7000383A07 /* FSCalendarCollectionView.m */; };
		EEC9C03B1BDC9E7000383A07 /* FSCalendarCollectionView.m in Sources */ = {isa = PBXBuildFile; fileRef = EEC9C0381BDC9E7000383A07 /* FSCalendarCollectionView.m */; };
		EECA10F81BA9C0E400945B83 /* FullScreenExampleViewController.m in Sources */ = {isa = PBXBuildFile; fileRef = EECA10F71BA9C0E400945B83 /* FullScreenExampleViewController.m */; };
/* End PBXBuildFile section */

/* Begin PBXContainerItemProxy section */
		30B0BA961B8D8B02004B9476 /* PBXContainerItemProxy */ = {
			isa = PBXContainerItemProxy;
			containerPortal = EE0D7FBF1B89C5D3003C287B /* Project object */;
			proxyType = 1;
			remoteGlobalIDString = EE638CE11B8A1F550006DD1A;
			remoteInfo = FSCalendar;
		};
/* End PBXContainerItemProxy section */

/* Begin PBXCopyFilesBuildPhase section */
		EE638CFE1B8A1F550006DD1A /* Embed Frameworks */ = {
			isa = PBXCopyFilesBuildPhase;
			buildActionMask = 2147483647;
			dstPath = "";
			dstSubfolderSpec = 10;
			files = (
				30B0BA9B1B8D8BC9004B9476 /* FSCalendar.framework in Embed Frameworks */,
			);
			name = "Embed Frameworks";
			runOnlyForDeploymentPostprocessing = 0;
		};
/* End PBXCopyFilesBuildPhase section */

/* Begin PBXFileReference section */
		30024F931BD1015300B1C04C /* DelegateAppearanceViewController.h */ = {isa = PBXFileReference; fileEncoding = 4; lastKnownFileType = sourcecode.c.h; path = DelegateAppearanceViewController.h; sourceTree = SOURCE_ROOT; };
		30024F941BD1015300B1C04C /* DelegateAppearanceViewController.m */ = {isa = PBXFileReference; fileEncoding = 4; lastKnownFileType = sourcecode.c.objc; path = DelegateAppearanceViewController.m; sourceTree = SOURCE_ROOT; };
		307E05B71C61EC5C0052A9B4 /* FSCalendarEventIndicator.h */ = {isa = PBXFileReference; fileEncoding = 4; lastKnownFileType = sourcecode.c.h; path = FSCalendarEventIndicator.h; sourceTree = "<group>"; };
		307E05B81C61EC5C0052A9B4 /* FSCalendarEventIndicator.m */ = {isa = PBXFileReference; fileEncoding = 4; lastKnownFileType = sourcecode.c.objc; path = FSCalendarEventIndicator.m; sourceTree = "<group>"; };
		307E05BC1C61ED320052A9B4 /* CALayer+FSExtension.h */ = {isa = PBXFileReference; fileEncoding = 4; lastKnownFileType = sourcecode.c.h; path = "CALayer+FSExtension.h"; sourceTree = "<group>"; };
		307E05BD1C61ED320052A9B4 /* CALayer+FSExtension.m */ = {isa = PBXFileReference; fileEncoding = 4; lastKnownFileType = sourcecode.c.objc; path = "CALayer+FSExtension.m"; sourceTree = "<group>"; };
		3084BD171BF9AB8100C956F7 /* CalendarIdentifierViewController.h */ = {isa = PBXFileReference; fileEncoding = 4; lastKnownFileType = sourcecode.c.h; path = CalendarIdentifierViewController.h; sourceTree = SOURCE_ROOT; };
		3084BD181BF9AB8100C956F7 /* CalendarIdentifierViewController.m */ = {isa = PBXFileReference; fileEncoding = 4; lastKnownFileType = sourcecode.c.objc; path = CalendarIdentifierViewController.m; sourceTree = SOURCE_ROOT; };
		309225381B905C4300123031 /* FSCalendarConstance.h */ = {isa = PBXFileReference; fileEncoding = 4; lastKnownFileType = sourcecode.c.h; path = FSCalendarConstance.h; sourceTree = "<group>"; };
		309225391B905C4300123031 /* FSCalendarConstance.m */ = {isa = PBXFileReference; fileEncoding = 4; lastKnownFileType = sourcecode.c.objc; path = FSCalendarConstance.m; sourceTree = "<group>"; };
		3095398D1C38D66C00BD37AA /* FSCalendarFlowLayout.h */ = {isa = PBXFileReference; fileEncoding = 4; lastKnownFileType = sourcecode.c.h; path = FSCalendarFlowLayout.h; sourceTree = "<group>"; };
		3095398E1C38D66C00BD37AA /* FSCalendarFlowLayout.m */ = {isa = PBXFileReference; fileEncoding = 4; lastKnownFileType = sourcecode.c.objc; path = FSCalendarFlowLayout.m; sourceTree = "<group>"; };
		30B0BABD1B8D8E22004B9476 /* FSCalendar+IBExtension.h */ = {isa = PBXFileReference; fileEncoding = 4; lastKnownFileType = sourcecode.c.h; path = "FSCalendar+IBExtension.h"; sourceTree = "<group>"; };
		30B0BABE1B8D8E22004B9476 /* FSCalendar+IBExtension.m */ = {isa = PBXFileReference; fileEncoding = 4; lastKnownFileType = sourcecode.c.objc; path = "FSCalendar+IBExtension.m"; sourceTree = "<group>"; };
		30B0BABF1B8D8E22004B9476 /* FSCalendar.h */ = {isa = PBXFileReference; fileEncoding = 4; lastKnownFileType = sourcecode.c.h; path = FSCalendar.h; sourceTree = "<group>"; };
		30B0BAC01B8D8E22004B9476 /* FSCalendar.m */ = {isa = PBXFileReference; fileEncoding = 4; lastKnownFileType = sourcecode.c.objc; path = FSCalendar.m; sourceTree = "<group>"; };
		30B0BAC11B8D8E22004B9476 /* FSCalendarAppearance.h */ = {isa = PBXFileReference; fileEncoding = 4; lastKnownFileType = sourcecode.c.h; path = FSCalendarAppearance.h; sourceTree = "<group>"; };
		30B0BAC21B8D8E22004B9476 /* FSCalendarAppearance.m */ = {isa = PBXFileReference; fileEncoding = 4; lastKnownFileType = sourcecode.c.objc; path = FSCalendarAppearance.m; sourceTree = "<group>"; };
		30B0BAC31B8D8E22004B9476 /* FSCalendarCell.h */ = {isa = PBXFileReference; fileEncoding = 4; lastKnownFileType = sourcecode.c.h; path = FSCalendarCell.h; sourceTree = "<group>"; };
		30B0BAC41B8D8E22004B9476 /* FSCalendarCell.m */ = {isa = PBXFileReference; fileEncoding = 4; lastKnownFileType = sourcecode.c.objc; path = FSCalendarCell.m; sourceTree = "<group>"; };
		30B0BAC51B8D8E22004B9476 /* FSCalendarDynamicHeader.h */ = {isa = PBXFileReference; fileEncoding = 4; lastKnownFileType = sourcecode.c.h; path = FSCalendarDynamicHeader.h; sourceTree = "<group>"; };
		30B0BAC61B8D8E22004B9476 /* FSCalendarHeader.h */ = {isa = PBXFileReference; fileEncoding = 4; lastKnownFileType = sourcecode.c.h; path = FSCalendarHeader.h; sourceTree = "<group>"; };
		30B0BAC71B8D8E22004B9476 /* FSCalendarHeader.m */ = {isa = PBXFileReference; fileEncoding = 4; lastKnownFileType = sourcecode.c.objc; path = FSCalendarHeader.m; sourceTree = "<group>"; };
		30B0BACA1B8D8E22004B9476 /* Info.plist */ = {isa = PBXFileReference; fileEncoding = 4; lastKnownFileType = text.plist.xml; path = Info.plist; sourceTree = "<group>"; };
		30B0BACB1B8D8E22004B9476 /* NSDate+FSExtension.h */ = {isa = PBXFileReference; fileEncoding = 4; lastKnownFileType = sourcecode.c.h; path = "NSDate+FSExtension.h"; sourceTree = "<group>"; };
		30B0BACC1B8D8E22004B9476 /* NSDate+FSExtension.m */ = {isa = PBXFileReference; fileEncoding = 4; lastKnownFileType = sourcecode.c.objc; path = "NSDate+FSExtension.m"; sourceTree = "<group>"; };
		30B0BACD1B8D8E22004B9476 /* UIView+FSExtension.h */ = {isa = PBXFileReference; fileEncoding = 4; lastKnownFileType = sourcecode.c.h; path = "UIView+FSExtension.h"; sourceTree = "<group>"; };
		30B0BACE1B8D8E22004B9476 /* UIView+FSExtension.m */ = {isa = PBXFileReference; fileEncoding = 4; lastKnownFileType = sourcecode.c.objc; path = "UIView+FSExtension.m"; sourceTree = "<group>"; };
		30F5D8581B9FC4BB00C1C201 /* MultipleSelectionViewController.h */ = {isa = PBXFileReference; fileEncoding = 4; lastKnownFileType = sourcecode.c.h; path = MultipleSelectionViewController.h; sourceTree = SOURCE_ROOT; };
		30F5D8591B9FC4BB00C1C201 /* MultipleSelectionViewController.m */ = {isa = PBXFileReference; fileEncoding = 4; lastKnownFileType = sourcecode.c.objc; path = MultipleSelectionViewController.m; sourceTree = SOURCE_ROOT; };
		30FCB3941BAAD112002B87AD /* FSCalendarStickyHeader.h */ = {isa = PBXFileReference; fileEncoding = 4; lastKnownFileType = sourcecode.c.h; path = FSCalendarStickyHeader.h; sourceTree = "<group>"; };
		30FCB3951BAAD112002B87AD /* FSCalendarStickyHeader.m */ = {isa = PBXFileReference; fileEncoding = 4; lastKnownFileType = sourcecode.c.objc; path = FSCalendarStickyHeader.m; sourceTree = "<group>"; };
		EE0D7FC71B89C5D3003C287B /* FSCalendarExample.app */ = {isa = PBXFileReference; explicitFileType = wrapper.application; includeInIndex = 0; path = FSCalendarExample.app; sourceTree = BUILT_PRODUCTS_DIR; };
		EE0D7FCB1B89C5D3003C287B /* Info.plist */ = {isa = PBXFileReference; lastKnownFileType = text.plist.xml; path = Info.plist; sourceTree = "<group>"; };
		EE52AE161B91E68A00016662 /* FSCalendarScopeExampleViewController.h */ = {isa = PBXFileReference; fileEncoding = 4; lastKnownFileType = sourcecode.c.h; path = FSCalendarScopeExampleViewController.h; sourceTree = SOURCE_ROOT; };
		EE52AE171B91E68A00016662 /* FSCalendarScopeExampleViewController.m */ = {isa = PBXFileReference; fileEncoding = 4; lastKnownFileType = sourcecode.c.objc; path = FSCalendarScopeExampleViewController.m; sourceTree = SOURCE_ROOT; };
		EE638CC11B89DB6E0006DD1A /* LoadViewExampleViewController.h */ = {isa = PBXFileReference; fileEncoding = 4; lastKnownFileType = sourcecode.c.h; path = LoadViewExampleViewController.h; sourceTree = SOURCE_ROOT; };
		EE638CC21B89DB6E0006DD1A /* LoadViewExampleViewController.m */ = {isa = PBXFileReference; fileEncoding = 4; lastKnownFileType = sourcecode.c.objc; path = LoadViewExampleViewController.m; sourceTree = SOURCE_ROOT; };
		EE638CC41B89DB7D0006DD1A /* ViewDidLoadExampleViewController.h */ = {isa = PBXFileReference; fileEncoding = 4; lastKnownFileType = sourcecode.c.h; path = ViewDidLoadExampleViewController.h; sourceTree = SOURCE_ROOT; };
		EE638CC51B89DB7D0006DD1A /* ViewDidLoadExampleViewController.m */ = {isa = PBXFileReference; fileEncoding = 4; lastKnownFileType = sourcecode.c.objc; path = ViewDidLoadExampleViewController.m; sourceTree = SOURCE_ROOT; };
		EE638CC71B89DB940006DD1A /* CalendarConfigViewController.h */ = {isa = PBXFileReference; fileEncoding = 4; lastKnownFileType = sourcecode.c.h; path = CalendarConfigViewController.h; sourceTree = SOURCE_ROOT; };
		EE638CC81B89DB940006DD1A /* CalendarConfigViewController.m */ = {isa = PBXFileReference; fileEncoding = 4; lastKnownFileType = sourcecode.c.objc; path = CalendarConfigViewController.m; sourceTree = SOURCE_ROOT; };
		EE638CCA1B89DBAC0006DD1A /* main.m */ = {isa = PBXFileReference; fileEncoding = 4; lastKnownFileType = sourcecode.c.objc; path = main.m; sourceTree = SOURCE_ROOT; };
		EE638CCC1B89DBD80006DD1A /* StoryboardExampleViewController.h */ = {isa = PBXFileReference; fileEncoding = 4; lastKnownFileType = sourcecode.c.h; path = StoryboardExampleViewController.h; sourceTree = SOURCE_ROOT; };
		EE638CCD1B89DBD80006DD1A /* StoryboardExampleViewController.m */ = {isa = PBXFileReference; fileEncoding = 4; lastKnownFileType = sourcecode.c.objc; path = StoryboardExampleViewController.m; sourceTree = SOURCE_ROOT; };
		EE638CCF1B89DBE90006DD1A /* AppDelegate.h */ = {isa = PBXFileReference; fileEncoding = 4; lastKnownFileType = sourcecode.c.h; path = AppDelegate.h; sourceTree = SOURCE_ROOT; };
		EE638CD01B89DBE90006DD1A /* AppDelegate.m */ = {isa = PBXFileReference; fileEncoding = 4; lastKnownFileType = sourcecode.c.objc; path = AppDelegate.m; sourceTree = SOURCE_ROOT; };
		EE638CD11B89DBE90006DD1A /* FSTableViewController.h */ = {isa = PBXFileReference; fileEncoding = 4; lastKnownFileType = sourcecode.c.h; path = FSTableViewController.h; sourceTree = SOURCE_ROOT; };
		EE638CD21B89DBE90006DD1A /* FSTableViewController.m */ = {isa = PBXFileReference; fileEncoding = 4; lastKnownFileType = sourcecode.c.objc; path = FSTableViewController.m; sourceTree = SOURCE_ROOT; };
		EE638CD61B89DC090006DD1A /* Base */ = {isa = PBXFileReference; lastKnownFileType = file.storyboard; name = Base; path = Base.lproj/Main_iPad.storyboard; sourceTree = SOURCE_ROOT; };
		EE638CD81B89DC0A0006DD1A /* Base */ = {isa = PBXFileReference; lastKnownFileType = file.storyboard; name = Base; path = Base.lproj/Main_iPhone.storyboard; sourceTree = SOURCE_ROOT; };
		EE638CDB1B89DC230006DD1A /* Images.xcassets */ = {isa = PBXFileReference; lastKnownFileType = folder.assetcatalog; path = Images.xcassets; sourceTree = SOURCE_ROOT; };
		EE638CE21B8A1F550006DD1A /* FSCalendar.framework */ = {isa = PBXFileReference; explicitFileType = wrapper.framework; includeInIndex = 0; path = FSCalendar.framework; sourceTree = BUILT_PRODUCTS_DIR; };
		EE638CF41B8A1F550006DD1A /* Info.plist */ = {isa = PBXFileReference; lastKnownFileType = text.plist.xml; path = Info.plist; sourceTree = "<group>"; };
		EE638CF51B8A1F550006DD1A /* FSCalendarTests.m */ = {isa = PBXFileReference; lastKnownFileType = sourcecode.c.objc; path = FSCalendarTests.m; sourceTree = "<group>"; };
		EE89AF9C1B9162B90001B657 /* NSString+FSExtension.h */ = {isa = PBXFileReference; fileEncoding = 4; lastKnownFileType = sourcecode.c.h; path = "NSString+FSExtension.h"; sourceTree = "<group>"; };
		EE89AF9D1B9162B90001B657 /* NSString+FSExtension.m */ = {isa = PBXFileReference; fileEncoding = 4; lastKnownFileType = sourcecode.c.objc; path = "NSString+FSExtension.m"; sourceTree = "<group>"; };
		EEC9C0371BDC9E7000383A07 /* FSCalendarCollectionView.h */ = {isa = PBXFileReference; fileEncoding = 4; lastKnownFileType = sourcecode.c.h; path = FSCalendarCollectionView.h; sourceTree = "<group>"; };
		EEC9C0381BDC9E7000383A07 /* FSCalendarCollectionView.m */ = {isa = PBXFileReference; fileEncoding = 4; lastKnownFileType = sourcecode.c.objc; path = FSCalendarCollectionView.m; sourceTree = "<group>"; };
		EECA10F61BA9C0E400945B83 /* FullScreenExampleViewController.h */ = {isa = PBXFileReference; fileEncoding = 4; lastKnownFileType = sourcecode.c.h; path = FullScreenExampleViewController.h; sourceTree = SOURCE_ROOT; };
		EECA10F71BA9C0E400945B83 /* FullScreenExampleViewController.m */ = {isa = PBXFileReference; fileEncoding = 4; lastKnownFileType = sourcecode.c.objc; path = FullScreenExampleViewController.m; sourceTree = SOURCE_ROOT; };
/* End PBXFileReference section */

/* Begin PBXFrameworksBuildPhase section */
		EE0D7FC41B89C5D3003C287B /* Frameworks */ = {
			isa = PBXFrameworksBuildPhase;
			buildActionMask = 2147483647;
			files = (
			);
			runOnlyForDeploymentPostprocessing = 0;
		};
		EE638CDE1B8A1F550006DD1A /* Frameworks */ = {
			isa = PBXFrameworksBuildPhase;
			buildActionMask = 2147483647;
			files = (
			);
			runOnlyForDeploymentPostprocessing = 0;
		};
/* End PBXFrameworksBuildPhase section */

/* Begin PBXGroup section */
		30024F921BD1013D00B1C04C /* Delegate Appearance */ = {
			isa = PBXGroup;
			children = (
				30024F931BD1015300B1C04C /* DelegateAppearanceViewController.h */,
				30024F941BD1015300B1C04C /* DelegateAppearanceViewController.m */,
			);
			name = "Delegate Appearance";
			sourceTree = "<group>";
		};
		3084BD161BF9AB2200C956F7 /* Calendar Identifiers */ = {
			isa = PBXGroup;
			children = (
				3084BD171BF9AB8100C956F7 /* CalendarIdentifierViewController.h */,
				3084BD181BF9AB8100C956F7 /* CalendarIdentifierViewController.m */,
			);
			name = "Calendar Identifiers";
			sourceTree = "<group>";
		};
		30B0BABC1B8D8E22004B9476 /* FSCalendar */ = {
			isa = PBXGroup;
			children = (
				30B0BABF1B8D8E22004B9476 /* FSCalendar.h */,
				30B0BAC01B8D8E22004B9476 /* FSCalendar.m */,
				30B0BAC11B8D8E22004B9476 /* FSCalendarAppearance.h */,
				30B0BAC21B8D8E22004B9476 /* FSCalendarAppearance.m */,
				309225381B905C4300123031 /* FSCalendarConstance.h */,
				309225391B905C4300123031 /* FSCalendarConstance.m */,
				30B0BACB1B8D8E22004B9476 /* NSDate+FSExtension.h */,
				30B0BACC1B8D8E22004B9476 /* NSDate+FSExtension.m */,
				30B0BACD1B8D8E22004B9476 /* UIView+FSExtension.h */,
				30B0BACE1B8D8E22004B9476 /* UIView+FSExtension.m */,
				307E05BC1C61ED320052A9B4 /* CALayer+FSExtension.h */,
				307E05BD1C61ED320052A9B4 /* CALayer+FSExtension.m */,
				EE89AF9C1B9162B90001B657 /* NSString+FSExtension.h */,
				EE89AF9D1B9162B90001B657 /* NSString+FSExtension.m */,
				30B0BAC31B8D8E22004B9476 /* FSCalendarCell.h */,
				30B0BAC41B8D8E22004B9476 /* FSCalendarCell.m */,
				307E05B71C61EC5C0052A9B4 /* FSCalendarEventIndicator.h */,
				307E05B81C61EC5C0052A9B4 /* FSCalendarEventIndicator.m */,
				EEC9C0371BDC9E7000383A07 /* FSCalendarCollectionView.h */,
				EEC9C0381BDC9E7000383A07 /* FSCalendarCollectionView.m */,
				3095398D1C38D66C00BD37AA /* FSCalendarFlowLayout.h */,
				3095398E1C38D66C00BD37AA /* FSCalendarFlowLayout.m */,
				30B0BAC61B8D8E22004B9476 /* FSCalendarHeader.h */,
				30B0BAC71B8D8E22004B9476 /* FSCalendarHeader.m */,
				30FCB3941BAAD112002B87AD /* FSCalendarStickyHeader.h */,
				30FCB3951BAAD112002B87AD /* FSCalendarStickyHeader.m */,
				30B0BABD1B8D8E22004B9476 /* FSCalendar+IBExtension.h */,
				30B0BABE1B8D8E22004B9476 /* FSCalendar+IBExtension.m */,
				30B0BAC51B8D8E22004B9476 /* FSCalendarDynamicHeader.h */,
				30B0BAF31B8D9A91004B9476 /* Supporting Files */,
			);
			name = FSCalendar;
			path = ../FSCalendar;
			sourceTree = "<group>";
		};
		30B0BAF31B8D9A91004B9476 /* Supporting Files */ = {
			isa = PBXGroup;
			children = (
				30B0BACA1B8D8E22004B9476 /* Info.plist */,
			);
			name = "Supporting Files";
			sourceTree = "<group>";
		};
		30F5D8571B9FC48C00C1C201 /* MultipleSelection Example */ = {
			isa = PBXGroup;
			children = (
				30F5D8581B9FC4BB00C1C201 /* MultipleSelectionViewController.h */,
				30F5D8591B9FC4BB00C1C201 /* MultipleSelectionViewController.m */,
			);
			name = "MultipleSelection Example";
			sourceTree = "<group>";
		};
		EE0D7FBE1B89C5D3003C287B = {
			isa = PBXGroup;
			children = (
				30B0BABC1B8D8E22004B9476 /* FSCalendar */,
				EE0D7FC91B89C5D3003C287B /* Example */,
				EE638CF21B8A1F550006DD1A /* FSCalendarTests */,
				EE0D7FC81B89C5D3003C287B /* Products */,
			);
			sourceTree = "<group>";
		};
		EE0D7FC81B89C5D3003C287B /* Products */ = {
			isa = PBXGroup;
			children = (
				EE0D7FC71B89C5D3003C287B /* FSCalendarExample.app */,
				EE638CE21B8A1F550006DD1A /* FSCalendar.framework */,
			);
			name = Products;
			sourceTree = "<group>";
		};
		EE0D7FC91B89C5D3003C287B /* Example */ = {
			isa = PBXGroup;
			children = (
				EE638CD51B89DC090006DD1A /* Main_iPad.storyboard */,
				EE638CD71B89DC090006DD1A /* Main_iPhone.storyboard */,
				EE638CCF1B89DBE90006DD1A /* AppDelegate.h */,
				EE638CD01B89DBE90006DD1A /* AppDelegate.m */,
				EE638CD11B89DBE90006DD1A /* FSTableViewController.h */,
				EE638CD21B89DBE90006DD1A /* FSTableViewController.m */,
				3084BD161BF9AB2200C956F7 /* Calendar Identifiers */,
				30024F921BD1013D00B1C04C /* Delegate Appearance */,
				EECA10F51BA9BF9B00945B83 /* Fullscreen Example */,
				30F5D8571B9FC48C00C1C201 /* MultipleSelection Example */,
				EE52AE151B91E65D00016662 /* FSCalendarScope Example */,
				EE0D80241B89C868003C287B /* Storyboard Example */,
				EE0D80231B89C853003C287B /* LoadView Example */,
				EE0D80251B89C874003C287B /* ViewDidLoad Example */,
				EE638CDB1B89DC230006DD1A /* Images.xcassets */,
				EE0D7FCA1B89C5D3003C287B /* Supporting Files */,
			);
			path = Example;
			sourceTree = "<group>";
		};
		EE0D7FCA1B89C5D3003C287B /* Supporting Files */ = {
			isa = PBXGroup;
			children = (
				EE0D7FCB1B89C5D3003C287B /* Info.plist */,
				EE638CCA1B89DBAC0006DD1A /* main.m */,
			);
			name = "Supporting Files";
			sourceTree = "<group>";
		};
		EE0D80231B89C853003C287B /* LoadView Example */ = {
			isa = PBXGroup;
			children = (
				EE638CC11B89DB6E0006DD1A /* LoadViewExampleViewController.h */,
				EE638CC21B89DB6E0006DD1A /* LoadViewExampleViewController.m */,
			);
			name = "LoadView Example";
			sourceTree = "<group>";
		};
		EE0D80241B89C868003C287B /* Storyboard Example */ = {
			isa = PBXGroup;
			children = (
				EE638CCC1B89DBD80006DD1A /* StoryboardExampleViewController.h */,
				EE638CCD1B89DBD80006DD1A /* StoryboardExampleViewController.m */,
				EE638CC71B89DB940006DD1A /* CalendarConfigViewController.h */,
				EE638CC81B89DB940006DD1A /* CalendarConfigViewController.m */,
			);
			name = "Storyboard Example";
			sourceTree = "<group>";
		};
		EE0D80251B89C874003C287B /* ViewDidLoad Example */ = {
			isa = PBXGroup;
			children = (
				EE638CC41B89DB7D0006DD1A /* ViewDidLoadExampleViewController.h */,
				EE638CC51B89DB7D0006DD1A /* ViewDidLoadExampleViewController.m */,
			);
			name = "ViewDidLoad Example";
			sourceTree = "<group>";
		};
		EE52AE151B91E65D00016662 /* FSCalendarScope Example */ = {
			isa = PBXGroup;
			children = (
				EE52AE161B91E68A00016662 /* FSCalendarScopeExampleViewController.h */,
				EE52AE171B91E68A00016662 /* FSCalendarScopeExampleViewController.m */,
			);
			name = "FSCalendarScope Example";
			sourceTree = "<group>";
		};
		EE638CF21B8A1F550006DD1A /* FSCalendarTests */ = {
			isa = PBXGroup;
			children = (
				EE638CF51B8A1F550006DD1A /* FSCalendarTests.m */,
				EE638CF31B8A1F550006DD1A /* Supporting Files */,
			);
			path = FSCalendarTests;
			sourceTree = "<group>";
		};
		EE638CF31B8A1F550006DD1A /* Supporting Files */ = {
			isa = PBXGroup;
			children = (
				EE638CF41B8A1F550006DD1A /* Info.plist */,
			);
			name = "Supporting Files";
			sourceTree = "<group>";
		};
		EECA10F51BA9BF9B00945B83 /* Fullscreen Example */ = {
			isa = PBXGroup;
			children = (
				EECA10F61BA9C0E400945B83 /* FullScreenExampleViewController.h */,
				EECA10F71BA9C0E400945B83 /* FullScreenExampleViewController.m */,
			);
			name = "Fullscreen Example";
			sourceTree = "<group>";
		};
/* End PBXGroup section */

/* Begin PBXHeadersBuildPhase section */
		EE638CDF1B8A1F550006DD1A /* Headers */ = {
			isa = PBXHeadersBuildPhase;
			buildActionMask = 2147483647;
			files = (
				30B0BAFC1B8D9AD4004B9476 /* FSCalendar.h in Headers */,
				30B0BB011B8D9B6C004B9476 /* FSCalendarAppearance.h in Headers */,
				3092253A1B905C4300123031 /* FSCalendarConstance.h in Headers */,
				30B0BB071B8D9B6D004B9476 /* UIView+FSExtension.h in Headers */,
				30B0BB061B8D9B6D004B9476 /* NSDate+FSExtension.h in Headers */,
				307E05BE1C61ED320052A9B4 /* CALayer+FSExtension.h in Headers */,
				EE89AF9E1B9162B90001B657 /* NSString+FSExtension.h in Headers */,
				307E05B91C61EC5C0052A9B4 /* FSCalendarEventIndicator.h in Headers */,
				30B0BB021B8D9B6C004B9476 /* FSCalendarCell.h in Headers */,
				30B0BB031B8D9B6D004B9476 /* FSCalendarDynamicHeader.h in Headers */,
				EEC9C0391BDC9E7000383A07 /* FSCalendarCollectionView.h in Headers */,
				30B0BB041B8D9B6D004B9476 /* FSCalendarHeader.h in Headers */,
				30FCB3961BAAD112002B87AD /* FSCalendarStickyHeader.h in Headers */,
				3095398F1C38D66C00BD37AA /* FSCalendarFlowLayout.h in Headers */,
				30B0BB001B8D9B6C004B9476 /* FSCalendar+IBExtension.h in Headers */,
			);
			runOnlyForDeploymentPostprocessing = 0;
		};
/* End PBXHeadersBuildPhase section */

/* Begin PBXNativeTarget section */
		EE0D7FC61B89C5D3003C287B /* FSCalendarExample */ = {
			isa = PBXNativeTarget;
			buildConfigurationList = EE0D7FEA1B89C5D3003C287B /* Build configuration list for PBXNativeTarget "FSCalendarExample" */;
			buildPhases = (
				EE0D7FC31B89C5D3003C287B /* Sources */,
				EE0D7FC41B89C5D3003C287B /* Frameworks */,
				EE0D7FC51B89C5D3003C287B /* Resources */,
				EE638CFE1B8A1F550006DD1A /* Embed Frameworks */,
			);
			buildRules = (
			);
			dependencies = (
				30B0BA971B8D8B02004B9476 /* PBXTargetDependency */,
			);
			name = FSCalendarExample;
			productName = FSCalendar;
			productReference = EE0D7FC71B89C5D3003C287B /* FSCalendarExample.app */;
			productType = "com.apple.product-type.application";
		};
		EE638CE11B8A1F550006DD1A /* FSCalendar */ = {
			isa = PBXNativeTarget;
			buildConfigurationList = EE638CFB1B8A1F550006DD1A /* Build configuration list for PBXNativeTarget "FSCalendar" */;
			buildPhases = (
				EE638CDD1B8A1F550006DD1A /* Sources */,
				EE638CDE1B8A1F550006DD1A /* Frameworks */,
				EE638CDF1B8A1F550006DD1A /* Headers */,
				EE638CE01B8A1F550006DD1A /* Resources */,
			);
			buildRules = (
			);
			dependencies = (
			);
			name = FSCalendar;
			productName = FSCalendar;
			productReference = EE638CE21B8A1F550006DD1A /* FSCalendar.framework */;
			productType = "com.apple.product-type.framework";
		};
/* End PBXNativeTarget section */

/* Begin PBXProject section */
		EE0D7FBF1B89C5D3003C287B /* Project object */ = {
			isa = PBXProject;
			attributes = {
				LastUpgradeCheck = 0700;
				ORGANIZATIONNAME = wenchaoios;
				TargetAttributes = {
					EE0D7FC61B89C5D3003C287B = {
						CreatedOnToolsVersion = 6.4;
					};
					EE638CE11B8A1F550006DD1A = {
						CreatedOnToolsVersion = 6.4;
					};
				};
			};
			buildConfigurationList = EE0D7FC21B89C5D3003C287B /* Build configuration list for PBXProject "FSCalendar" */;
			compatibilityVersion = "Xcode 3.2";
			developmentRegion = English;
			hasScannedForEncodings = 0;
			knownRegions = (
				en,
				Base,
				ja,
				"zh-Hans",
				"zh-Hant",
			);
			mainGroup = EE0D7FBE1B89C5D3003C287B;
			productRefGroup = EE0D7FC81B89C5D3003C287B /* Products */;
			projectDirPath = "";
			projectRoot = "";
			targets = (
				EE0D7FC61B89C5D3003C287B /* FSCalendarExample */,
				EE638CE11B8A1F550006DD1A /* FSCalendar */,
			);
		};
/* End PBXProject section */

/* Begin PBXResourcesBuildPhase section */
		EE0D7FC51B89C5D3003C287B /* Resources */ = {
			isa = PBXResourcesBuildPhase;
			buildActionMask = 2147483647;
			files = (
				EE638CDA1B89DC0A0006DD1A /* Main_iPhone.storyboard in Resources */,
				EE638CDC1B89DC230006DD1A /* Images.xcassets in Resources */,
				EE638CD91B89DC0A0006DD1A /* Main_iPad.storyboard in Resources */,
				30B0BAD51B8D8E23004B9476 /* Info.plist in Resources */,
			);
			runOnlyForDeploymentPostprocessing = 0;
		};
		EE638CE01B8A1F550006DD1A /* Resources */ = {
			isa = PBXResourcesBuildPhase;
			buildActionMask = 2147483647;
			files = (
			);
			runOnlyForDeploymentPostprocessing = 0;
		};
/* End PBXResourcesBuildPhase section */

/* Begin PBXSourcesBuildPhase section */
		EE0D7FC31B89C5D3003C287B /* Sources */ = {
			isa = PBXSourcesBuildPhase;
			buildActionMask = 2147483647;
			files = (
				30B0BAD61B8D8E23004B9476 /* NSDate+FSExtension.m in Sources */,
				EE638CCE1B89DBD80006DD1A /* StoryboardExampleViewController.m in Sources */,
				EECA10F81BA9C0E400945B83 /* FullScreenExampleViewController.m in Sources */,
				307E05BA1C61EC5C0052A9B4 /* FSCalendarEventIndicator.m in Sources */,
				EE638CC91B89DB940006DD1A /* CalendarConfigViewController.m in Sources */,
				30B0BAD01B8D8E23004B9476 /* FSCalendar.m in Sources */,
				EE638CD31B89DBE90006DD1A /* AppDelegate.m in Sources */,
				3092253B1B905C4300123031 /* FSCalendarConstance.m in Sources */,
				309539901C38D66C00BD37AA /* FSCalendarFlowLayout.m in Sources */,
				30F5D85A1B9FC4BB00C1C201 /* MultipleSelectionViewController.m in Sources */,
				30FCB3971BAAD112002B87AD /* FSCalendarStickyHeader.m in Sources */,
				30B0BAD21B8D8E23004B9476 /* FSCalendarCell.m in Sources */,
				30B0BAD71B8D8E23004B9476 /* UIView+FSExtension.m in Sources */,
				EE638CD41B89DBE90006DD1A /* FSTableViewController.m in Sources */,
				307E05BF1C61ED320052A9B4 /* CALayer+FSExtension.m in Sources */,
				3084BD191BF9AB8100C956F7 /* CalendarIdentifierViewController.m in Sources */,
				EE638CCB1B89DBAC0006DD1A /* main.m in Sources */,
				30B0BAD11B8D8E23004B9476 /* FSCalendarAppearance.m in Sources */,
				EE638CC61B89DB7D0006DD1A /* ViewDidLoadExampleViewController.m in Sources */,
				30B0BACF1B8D8E23004B9476 /* FSCalendar+IBExtension.m in Sources */,
				EEC9C03A1BDC9E7000383A07 /* FSCalendarCollectionView.m in Sources */,
				EE89AF9F1B9162B90001B657 /* NSString+FSExtension.m in Sources */,
				EE52AE181B91E68A00016662 /* FSCalendarScopeExampleViewController.m in Sources */,
				30024F951BD1015300B1C04C /* DelegateAppearanceViewController.m in Sources */,
				EE638CC31B89DB6E0006DD1A /* LoadViewExampleViewController.m in Sources */,
				30B0BAD31B8D8E23004B9476 /* FSCalendarHeader.m in Sources */,
			);
			runOnlyForDeploymentPostprocessing = 0;
		};
		EE638CDD1B8A1F550006DD1A /* Sources */ = {
			isa = PBXSourcesBuildPhase;
			buildActionMask = 2147483647;
			files = (
				307E05C01C61ED320052A9B4 /* CALayer+FSExtension.m in Sources */,
				30F5D8561B9FC33400C1C201 /* FSCalendar.m in Sources */,
				307E05BB1C61EC5C0052A9B4 /* FSCalendarEventIndicator.m in Sources */,
				30B0BAF41B8D9AC1004B9476 /* FSCalendar+IBExtension.m in Sources */,
				30B0BAF61B8D9AC1004B9476 /* FSCalendarAppearance.m in Sources */,
				EEC9C03B1BDC9E7000383A07 /* FSCalendarCollectionView.m in Sources */,
				30B0BAF71B8D9AC1004B9476 /* FSCalendarCell.m in Sources */,
				30B0BAF81B8D9AC1004B9476 /* FSCalendarHeader.m in Sources */,
				3092253C1B905C4300123031 /* FSCalendarConstance.m in Sources */,
				309539911C38D66C00BD37AA /* FSCalendarFlowLayout.m in Sources */,
				30B0BAFA1B8D9AC1004B9476 /* NSDate+FSExtension.m in Sources */,
				EE89AFA01B9162B90001B657 /* NSString+FSExtension.m in Sources */,
				30FCB3981BAAD112002B87AD /* FSCalendarStickyHeader.m in Sources */,
				30B0BAFB1B8D9AC1004B9476 /* UIView+FSExtension.m in Sources */,
			);
			runOnlyForDeploymentPostprocessing = 0;
		};
/* End PBXSourcesBuildPhase section */

/* Begin PBXTargetDependency section */
		30B0BA971B8D8B02004B9476 /* PBXTargetDependency */ = {
			isa = PBXTargetDependency;
			target = EE638CE11B8A1F550006DD1A /* FSCalendar */;
			targetProxy = 30B0BA961B8D8B02004B9476 /* PBXContainerItemProxy */;
		};
/* End PBXTargetDependency section */

/* Begin PBXVariantGroup section */
		EE638CD51B89DC090006DD1A /* Main_iPad.storyboard */ = {
			isa = PBXVariantGroup;
			children = (
				EE638CD61B89DC090006DD1A /* Base */,
			);
			name = Main_iPad.storyboard;
			sourceTree = "<group>";
		};
		EE638CD71B89DC090006DD1A /* Main_iPhone.storyboard */ = {
			isa = PBXVariantGroup;
			children = (
				EE638CD81B89DC0A0006DD1A /* Base */,
			);
			name = Main_iPhone.storyboard;
			sourceTree = "<group>";
		};
/* End PBXVariantGroup section */

/* Begin XCBuildConfiguration section */
		EE0D7FE81B89C5D3003C287B /* Debug */ = {
			isa = XCBuildConfiguration;
			buildSettings = {
				ALWAYS_SEARCH_USER_PATHS = NO;
				CLANG_CXX_LANGUAGE_STANDARD = "gnu++0x";
				CLANG_CXX_LIBRARY = "libc++";
				CLANG_ENABLE_MODULES = YES;
				CLANG_ENABLE_OBJC_ARC = YES;
				CLANG_WARN_BOOL_CONVERSION = YES;
				CLANG_WARN_CONSTANT_CONVERSION = YES;
				CLANG_WARN_DIRECT_OBJC_ISA_USAGE = YES_ERROR;
				CLANG_WARN_EMPTY_BODY = YES;
				CLANG_WARN_ENUM_CONVERSION = YES;
				CLANG_WARN_INT_CONVERSION = YES;
				CLANG_WARN_OBJC_ROOT_CLASS = YES_ERROR;
				CLANG_WARN_UNREACHABLE_CODE = YES;
				CLANG_WARN__DUPLICATE_METHOD_MATCH = YES;
				"CODE_SIGN_IDENTITY[sdk=iphoneos*]" = "iPhone Developer";
				COPY_PHASE_STRIP = NO;
				DEBUG_INFORMATION_FORMAT = "dwarf-with-dsym";
				ENABLE_STRICT_OBJC_MSGSEND = YES;
				ENABLE_TESTABILITY = YES;
				GCC_C_LANGUAGE_STANDARD = gnu99;
				GCC_DYNAMIC_NO_PIC = NO;
				GCC_NO_COMMON_BLOCKS = YES;
				GCC_OPTIMIZATION_LEVEL = 0;
				GCC_PREPROCESSOR_DEFINITIONS = (
					"DEBUG=1",
					"$(inherited)",
				);
				GCC_SYMBOLS_PRIVATE_EXTERN = NO;
				GCC_WARN_64_TO_32_BIT_CONVERSION = YES;
				GCC_WARN_ABOUT_RETURN_TYPE = YES_ERROR;
				GCC_WARN_UNDECLARED_SELECTOR = YES;
				GCC_WARN_UNINITIALIZED_AUTOS = YES_AGGRESSIVE;
				GCC_WARN_UNUSED_FUNCTION = YES;
				GCC_WARN_UNUSED_VARIABLE = YES;
				IPHONEOS_DEPLOYMENT_TARGET = 7.0;
				MTL_ENABLE_DEBUG_INFO = YES;
				ONLY_ACTIVE_ARCH = YES;
				SDKROOT = iphoneos;
			};
			name = Debug;
		};
		EE0D7FE91B89C5D3003C287B /* Release */ = {
			isa = XCBuildConfiguration;
			buildSettings = {
				ALWAYS_SEARCH_USER_PATHS = NO;
				CLANG_CXX_LANGUAGE_STANDARD = "gnu++0x";
				CLANG_CXX_LIBRARY = "libc++";
				CLANG_ENABLE_MODULES = YES;
				CLANG_ENABLE_OBJC_ARC = YES;
				CLANG_WARN_BOOL_CONVERSION = YES;
				CLANG_WARN_CONSTANT_CONVERSION = YES;
				CLANG_WARN_DIRECT_OBJC_ISA_USAGE = YES_ERROR;
				CLANG_WARN_EMPTY_BODY = YES;
				CLANG_WARN_ENUM_CONVERSION = YES;
				CLANG_WARN_INT_CONVERSION = YES;
				CLANG_WARN_OBJC_ROOT_CLASS = YES_ERROR;
				CLANG_WARN_UNREACHABLE_CODE = YES;
				CLANG_WARN__DUPLICATE_METHOD_MATCH = YES;
				"CODE_SIGN_IDENTITY[sdk=iphoneos*]" = "iPhone Developer";
				COPY_PHASE_STRIP = NO;
				DEBUG_INFORMATION_FORMAT = "dwarf-with-dsym";
				ENABLE_NS_ASSERTIONS = NO;
				ENABLE_STRICT_OBJC_MSGSEND = YES;
				GCC_C_LANGUAGE_STANDARD = gnu99;
				GCC_NO_COMMON_BLOCKS = YES;
				GCC_WARN_64_TO_32_BIT_CONVERSION = YES;
				GCC_WARN_ABOUT_RETURN_TYPE = YES_ERROR;
				GCC_WARN_UNDECLARED_SELECTOR = YES;
				GCC_WARN_UNINITIALIZED_AUTOS = YES_AGGRESSIVE;
				GCC_WARN_UNUSED_FUNCTION = YES;
				GCC_WARN_UNUSED_VARIABLE = YES;
				IPHONEOS_DEPLOYMENT_TARGET = 7.0;
				MTL_ENABLE_DEBUG_INFO = NO;
				SDKROOT = iphoneos;
				VALIDATE_PRODUCT = YES;
			};
			name = Release;
		};
		EE0D7FEB1B89C5D3003C287B /* Debug */ = {
			isa = XCBuildConfiguration;
			buildSettings = {
				ASSETCATALOG_COMPILER_APPICON_NAME = AppIcon;
				ASSETCATALOG_COMPILER_LAUNCHIMAGE_NAME = LaunchImage;
				INFOPLIST_FILE = "$(SRCROOT)/Info.plist";
				IPHONEOS_DEPLOYMENT_TARGET = 7.0;
				LD_RUNPATH_SEARCH_PATHS = "$(inherited) @executable_path/Frameworks";
				PRODUCT_BUNDLE_IDENTIFIER = com.wenchao.FSCalendarExample;
				PRODUCT_NAME = "$(TARGET_NAME)";
				TARGETED_DEVICE_FAMILY = "1,2";
			};
			name = Debug;
		};
		EE0D7FEC1B89C5D3003C287B /* Release */ = {
			isa = XCBuildConfiguration;
			buildSettings = {
				ASSETCATALOG_COMPILER_APPICON_NAME = AppIcon;
				ASSETCATALOG_COMPILER_LAUNCHIMAGE_NAME = LaunchImage;
				INFOPLIST_FILE = "$(SRCROOT)/Info.plist";
				IPHONEOS_DEPLOYMENT_TARGET = 7.0;
				LD_RUNPATH_SEARCH_PATHS = "$(inherited) @executable_path/Frameworks";
				PRODUCT_BUNDLE_IDENTIFIER = com.wenchao.FSCalendarExample;
				PRODUCT_NAME = "$(TARGET_NAME)";
				TARGETED_DEVICE_FAMILY = "1,2";
			};
			name = Release;
		};
		EE638CFC1B8A1F550006DD1A /* Debug */ = {
			isa = XCBuildConfiguration;
			buildSettings = {
				CURRENT_PROJECT_VERSION = 1;
				DEFINES_MODULE = YES;
				DYLIB_COMPATIBILITY_VERSION = 1;
				DYLIB_CURRENT_VERSION = 1;
				DYLIB_INSTALL_NAME_BASE = "@rpath";
				GCC_PREPROCESSOR_DEFINITIONS = (
					"DEBUG=1",
					"$(inherited)",
				);
				INFOPLIST_FILE = "$(SRCROOT)/../FSCalendar/Info.plist";
				INSTALL_PATH = "$(LOCAL_LIBRARY_DIR)/Frameworks";
				IPHONEOS_DEPLOYMENT_TARGET = 7.0;
				LD_RUNPATH_SEARCH_PATHS = "$(inherited) @executable_path/Frameworks @loader_path/Frameworks";
				PRODUCT_BUNDLE_IDENTIFIER = com.wenchao.FSCalendar;
				PRODUCT_NAME = "$(TARGET_NAME)";
				SKIP_INSTALL = YES;
				TARGETED_DEVICE_FAMILY = "1,2";
				VERSIONING_SYSTEM = "apple-generic";
				VERSION_INFO_PREFIX = "";
			};
			name = Debug;
		};
		EE638CFD1B8A1F550006DD1A /* Release */ = {
			isa = XCBuildConfiguration;
			buildSettings = {
				CURRENT_PROJECT_VERSION = 1;
				DEFINES_MODULE = YES;
				DYLIB_COMPATIBILITY_VERSION = 1;
				DYLIB_CURRENT_VERSION = 1;
				DYLIB_INSTALL_NAME_BASE = "@rpath";
				INFOPLIST_FILE = "$(SRCROOT)/../FSCalendar/Info.plist";
				INSTALL_PATH = "$(LOCAL_LIBRARY_DIR)/Frameworks";
				IPHONEOS_DEPLOYMENT_TARGET = 7.0;
				LD_RUNPATH_SEARCH_PATHS = "$(inherited) @executable_path/Frameworks @loader_path/Frameworks";
				PRODUCT_BUNDLE_IDENTIFIER = com.wenchao.FSCalendar;
				PRODUCT_NAME = "$(TARGET_NAME)";
				SKIP_INSTALL = YES;
				TARGETED_DEVICE_FAMILY = "1,2";
				VERSIONING_SYSTEM = "apple-generic";
				VERSION_INFO_PREFIX = "";
			};
			name = Release;
		};
/* End XCBuildConfiguration section */

/* Begin XCConfigurationList section */
		EE0D7FC21B89C5D3003C287B /* Build configuration list for PBXProject "FSCalendar" */ = {
			isa = XCConfigurationList;
			buildConfigurations = (
				EE0D7FE81B89C5D3003C287B /* Debug */,
				EE0D7FE91B89C5D3003C287B /* Release */,
			);
			defaultConfigurationIsVisible = 0;
			defaultConfigurationName = Release;
		};
		EE0D7FEA1B89C5D3003C287B /* Build configuration list for PBXNativeTarget "FSCalendarExample" */ = {
			isa = XCConfigurationList;
			buildConfigurations = (
				EE0D7FEB1B89C5D3003C287B /* Debug */,
				EE0D7FEC1B89C5D3003C287B /* Release */,
			);
			defaultConfigurationIsVisible = 0;
			defaultConfigurationName = Release;
		};
		EE638CFB1B8A1F550006DD1A /* Build configuration list for PBXNativeTarget "FSCalendar" */ = {
			isa = XCConfigurationList;
			buildConfigurations = (
				EE638CFC1B8A1F550006DD1A /* Debug */,
				EE638CFD1B8A1F550006DD1A /* Release */,
			);
			defaultConfigurationIsVisible = 0;
			defaultConfigurationName = Release;
		};
/* End XCConfigurationList section */
	};
	rootObject = EE0D7FBF1B89C5D3003C287B /* Project object */;
}
