// !$*UTF8*$!
{
	archiveVersion = 1;
	classes = {
	};
	objectVersion = 46;
	objects = {

/* Begin PBXBuildFile section */
		EE0D80041B89C6EA003C287B /* FSCalendar+IBExtension.m in Sources */ = {isa = PBXBuildFile; fileRef = EE0D7FF31B89C6EA003C287B /* FSCalendar+IBExtension.m */; };
		EE0D80051B89C6EA003C287B /* FSCalendar.m in Sources */ = {isa = PBXBuildFile; fileRef = EE0D7FF51B89C6EA003C287B /* FSCalendar.m */; };
		EE0D80061B89C6EA003C287B /* FSCalendarAppearance.m in Sources */ = {isa = PBXBuildFile; fileRef = EE0D7FF71B89C6EA003C287B /* FSCalendarAppearance.m */; };
		EE0D80071B89C6EA003C287B /* FSCalendarCell.m in Sources */ = {isa = PBXBuildFile; fileRef = EE0D7FF91B89C6EA003C287B /* FSCalendarCell.m */; };
		EE0D80081B89C6EA003C287B /* FSCalendarHeader.m in Sources */ = {isa = PBXBuildFile; fileRef = EE0D7FFC1B89C6EA003C287B /* FSCalendarHeader.m */; };
		EE0D80091B89C6EA003C287B /* FSCalendarHeaderTouchDeliver.m in Sources */ = {isa = PBXBuildFile; fileRef = EE0D7FFE1B89C6EA003C287B /* FSCalendarHeaderTouchDeliver.m */; };
		EE0D800A1B89C6EA003C287B /* NSDate+FSExtension.m in Sources */ = {isa = PBXBuildFile; fileRef = EE0D80001B89C6EA003C287B /* NSDate+FSExtension.m */; };
		EE0D800B1B89C6EA003C287B /* UIView+FSExtension.m in Sources */ = {isa = PBXBuildFile; fileRef = EE0D80021B89C6EA003C287B /* UIView+FSExtension.m */; };
		EE638CB21B89DB450006DD1A /* LunarDateFormatter.strings in Resources */ = {isa = PBXBuildFile; fileRef = EE638C911B89DB450006DD1A /* LunarDateFormatter.strings */; };
		EE638CB31B89DB450006DD1A /* libLunar.c in Sources */ = {isa = PBXBuildFile; fileRef = EE638C941B89DB450006DD1A /* libLunar.c */; };
		EE638CB41B89DB450006DD1A /* SSHolidayCA.m in Sources */ = {isa = PBXBuildFile; fileRef = EE638C971B89DB450006DD1A /* SSHolidayCA.m */; };
		EE638CB51B89DB450006DD1A /* SSHolidayChina.m in Sources */ = {isa = PBXBuildFile; fileRef = EE638C991B89DB450006DD1A /* SSHolidayChina.m */; };
		EE638CB61B89DB450006DD1A /* SSHolidayCountry.m in Sources */ = {isa = PBXBuildFile; fileRef = EE638C9B1B89DB450006DD1A /* SSHolidayCountry.m */; };
		EE638CB71B89DB450006DD1A /* SSHolidayHK.m in Sources */ = {isa = PBXBuildFile; fileRef = EE638C9D1B89DB450006DD1A /* SSHolidayHK.m */; };
		EE638CB81B89DB450006DD1A /* SSHolidayManager.m in Sources */ = {isa = PBXBuildFile; fileRef = EE638C9F1B89DB450006DD1A /* SSHolidayManager.m */; };
		EE638CB91B89DB450006DD1A /* SSHolidayTW.m in Sources */ = {isa = PBXBuildFile; fileRef = EE638CA11B89DB450006DD1A /* SSHolidayTW.m */; };
		EE638CBA1B89DB450006DD1A /* SSHolidayUK.m in Sources */ = {isa = PBXBuildFile; fileRef = EE638CA31B89DB450006DD1A /* SSHolidayUK.m */; };
		EE638CBB1B89DB450006DD1A /* SSHolidayUS.m in Sources */ = {isa = PBXBuildFile; fileRef = EE638CA51B89DB450006DD1A /* SSHolidayUS.m */; };
		EE638CBC1B89DB450006DD1A /* SSHolidayWest.m in Sources */ = {isa = PBXBuildFile; fileRef = EE638CA71B89DB450006DD1A /* SSHolidayWest.m */; };
		EE638CBD1B89DB450006DD1A /* SSLunarDate.m in Sources */ = {isa = PBXBuildFile; fileRef = EE638CAA1B89DB450006DD1A /* SSLunarDate.m */; };
		EE638CBE1B89DB450006DD1A /* SSLunarDateFormatter.m in Sources */ = {isa = PBXBuildFile; fileRef = EE638CAC1B89DB450006DD1A /* SSLunarDateFormatter.m */; };
		EE638CBF1B89DB450006DD1A /* SSLunarDateHoliday.m in Sources */ = {isa = PBXBuildFile; fileRef = EE638CAE1B89DB450006DD1A /* SSLunarDateHoliday.m */; };
		EE638CC31B89DB6E0006DD1A /* LoadViewExampleViewController.m in Sources */ = {isa = PBXBuildFile; fileRef = EE638CC21B89DB6E0006DD1A /* LoadViewExampleViewController.m */; };
		EE638CC61B89DB7D0006DD1A /* ViewDidLoadExampleViewController.m in Sources */ = {isa = PBXBuildFile; fileRef = EE638CC51B89DB7D0006DD1A /* ViewDidLoadExampleViewController.m */; };
		EE638CC91B89DB940006DD1A /* CalendarConfigViewController.m in Sources */ = {isa = PBXBuildFile; fileRef = EE638CC81B89DB940006DD1A /* CalendarConfigViewController.m */; };
		EE638CCB1B89DBAC0006DD1A /* main.m in Sources */ = {isa = PBXBuildFile; fileRef = EE638CCA1B89DBAC0006DD1A /* main.m */; };
		EE638CCE1B89DBD80006DD1A /* StoryboardExampleViewController.m in Sources */ = {isa = PBXBuildFile; fileRef = EE638CCD1B89DBD80006DD1A /* StoryboardExampleViewController.m */; };
		EE638CD31B89DBE90006DD1A /* AppDelegate.m in Sources */ = {isa = PBXBuildFile; fileRef = EE638CD01B89DBE90006DD1A /* AppDelegate.m */; };
		EE638CD41B89DBE90006DD1A /* FSTableViewController.m in Sources */ = {isa = PBXBuildFile; fileRef = EE638CD21B89DBE90006DD1A /* FSTableViewController.m */; };
		EE638CD91B89DC0A0006DD1A /* Main_iPad.storyboard in Resources */ = {isa = PBXBuildFile; fileRef = EE638CD51B89DC090006DD1A /* Main_iPad.storyboard */; };
		EE638CDA1B89DC0A0006DD1A /* Main_iPhone.storyboard in Resources */ = {isa = PBXBuildFile; fileRef = EE638CD71B89DC090006DD1A /* Main_iPhone.storyboard */; };
		EE638CDC1B89DC230006DD1A /* Images.xcassets in Resources */ = {isa = PBXBuildFile; fileRef = EE638CDB1B89DC230006DD1A /* Images.xcassets */; };
/* End PBXBuildFile section */

/* Begin PBXFileReference section */
		EE0D7FC71B89C5D3003C287B /* FSCalendar.app */ = {isa = PBXFileReference; explicitFileType = wrapper.application; includeInIndex = 0; path = FSCalendar.app; sourceTree = BUILT_PRODUCTS_DIR; };
		EE0D7FCB1B89C5D3003C287B /* Info.plist */ = {isa = PBXFileReference; lastKnownFileType = text.plist.xml; path = Info.plist; sourceTree = "<group>"; };
		EE0D7FF21B89C6EA003C287B /* FSCalendar+IBExtension.h */ = {isa = PBXFileReference; fileEncoding = 4; lastKnownFileType = sourcecode.c.h; path = "FSCalendar+IBExtension.h"; sourceTree = "<group>"; };
		EE0D7FF31B89C6EA003C287B /* FSCalendar+IBExtension.m */ = {isa = PBXFileReference; fileEncoding = 4; lastKnownFileType = sourcecode.c.objc; path = "FSCalendar+IBExtension.m"; sourceTree = "<group>"; };
		EE0D7FF41B89C6EA003C287B /* FSCalendar.h */ = {isa = PBXFileReference; fileEncoding = 4; lastKnownFileType = sourcecode.c.h; path = FSCalendar.h; sourceTree = "<group>"; };
		EE0D7FF51B89C6EA003C287B /* FSCalendar.m */ = {isa = PBXFileReference; fileEncoding = 4; lastKnownFileType = sourcecode.c.objc; path = FSCalendar.m; sourceTree = "<group>"; };
		EE0D7FF61B89C6EA003C287B /* FSCalendarAppearance.h */ = {isa = PBXFileReference; fileEncoding = 4; lastKnownFileType = sourcecode.c.h; path = FSCalendarAppearance.h; sourceTree = "<group>"; };
		EE0D7FF71B89C6EA003C287B /* FSCalendarAppearance.m */ = {isa = PBXFileReference; fileEncoding = 4; lastKnownFileType = sourcecode.c.objc; path = FSCalendarAppearance.m; sourceTree = "<group>"; };
		EE0D7FF81B89C6EA003C287B /* FSCalendarCell.h */ = {isa = PBXFileReference; fileEncoding = 4; lastKnownFileType = sourcecode.c.h; path = FSCalendarCell.h; sourceTree = "<group>"; };
		EE0D7FF91B89C6EA003C287B /* FSCalendarCell.m */ = {isa = PBXFileReference; fileEncoding = 4; lastKnownFileType = sourcecode.c.objc; path = FSCalendarCell.m; sourceTree = "<group>"; };
		EE0D7FFA1B89C6EA003C287B /* FSCalendarDynamicHeader.h */ = {isa = PBXFileReference; fileEncoding = 4; lastKnownFileType = sourcecode.c.h; path = FSCalendarDynamicHeader.h; sourceTree = "<group>"; };
		EE0D7FFB1B89C6EA003C287B /* FSCalendarHeader.h */ = {isa = PBXFileReference; fileEncoding = 4; lastKnownFileType = sourcecode.c.h; path = FSCalendarHeader.h; sourceTree = "<group>"; };
		EE0D7FFC1B89C6EA003C287B /* FSCalendarHeader.m */ = {isa = PBXFileReference; fileEncoding = 4; lastKnownFileType = sourcecode.c.objc; path = FSCalendarHeader.m; sourceTree = "<group>"; };
		EE0D7FFD1B89C6EA003C287B /* FSCalendarHeaderTouchDeliver.h */ = {isa = PBXFileReference; fileEncoding = 4; lastKnownFileType = sourcecode.c.h; path = FSCalendarHeaderTouchDeliver.h; sourceTree = "<group>"; };
		EE0D7FFE1B89C6EA003C287B /* FSCalendarHeaderTouchDeliver.m */ = {isa = PBXFileReference; fileEncoding = 4; lastKnownFileType = sourcecode.c.objc; path = FSCalendarHeaderTouchDeliver.m; sourceTree = "<group>"; };
		EE0D7FFF1B89C6EA003C287B /* NSDate+FSExtension.h */ = {isa = PBXFileReference; fileEncoding = 4; lastKnownFileType = sourcecode.c.h; path = "NSDate+FSExtension.h"; sourceTree = "<group>"; };
		EE0D80001B89C6EA003C287B /* NSDate+FSExtension.m */ = {isa = PBXFileReference; fileEncoding = 4; lastKnownFileType = sourcecode.c.objc; path = "NSDate+FSExtension.m"; sourceTree = "<group>"; };
		EE0D80011B89C6EA003C287B /* UIView+FSExtension.h */ = {isa = PBXFileReference; fileEncoding = 4; lastKnownFileType = sourcecode.c.h; path = "UIView+FSExtension.h"; sourceTree = "<group>"; };
		EE0D80021B89C6EA003C287B /* UIView+FSExtension.m */ = {isa = PBXFileReference; fileEncoding = 4; lastKnownFileType = sourcecode.c.objc; path = "UIView+FSExtension.m"; sourceTree = "<group>"; };
		EE638C921B89DB450006DD1A /* en */ = {isa = PBXFileReference; lastKnownFileType = text.plist.strings; name = en; path = en.lproj/LunarDateFormatter.strings; sourceTree = "<group>"; };
		EE638C931B89DB450006DD1A /* ja */ = {isa = PBXFileReference; lastKnownFileType = text.plist.strings; name = ja; path = ja.lproj/LunarDateFormatter.strings; sourceTree = "<group>"; };
		EE638C941B89DB450006DD1A /* libLunar.c */ = {isa = PBXFileReference; fileEncoding = 4; lastKnownFileType = sourcecode.c.c; path = libLunar.c; sourceTree = "<group>"; };
		EE638C951B89DB450006DD1A /* libLunar.h */ = {isa = PBXFileReference; fileEncoding = 4; lastKnownFileType = sourcecode.c.h; path = libLunar.h; sourceTree = "<group>"; };
		EE638C961B89DB450006DD1A /* SSHolidayCA.h */ = {isa = PBXFileReference; fileEncoding = 4; lastKnownFileType = sourcecode.c.h; path = SSHolidayCA.h; sourceTree = "<group>"; };
		EE638C971B89DB450006DD1A /* SSHolidayCA.m */ = {isa = PBXFileReference; fileEncoding = 4; lastKnownFileType = sourcecode.c.objc; path = SSHolidayCA.m; sourceTree = "<group>"; };
		EE638C981B89DB450006DD1A /* SSHolidayChina.h */ = {isa = PBXFileReference; fileEncoding = 4; lastKnownFileType = sourcecode.c.h; path = SSHolidayChina.h; sourceTree = "<group>"; };
		EE638C991B89DB450006DD1A /* SSHolidayChina.m */ = {isa = PBXFileReference; fileEncoding = 4; lastKnownFileType = sourcecode.c.objc; path = SSHolidayChina.m; sourceTree = "<group>"; };
		EE638C9A1B89DB450006DD1A /* SSHolidayCountry.h */ = {isa = PBXFileReference; fileEncoding = 4; lastKnownFileType = sourcecode.c.h; path = SSHolidayCountry.h; sourceTree = "<group>"; };
		EE638C9B1B89DB450006DD1A /* SSHolidayCountry.m */ = {isa = PBXFileReference; fileEncoding = 4; lastKnownFileType = sourcecode.c.objc; path = SSHolidayCountry.m; sourceTree = "<group>"; };
		EE638C9C1B89DB450006DD1A /* SSHolidayHK.h */ = {isa = PBXFileReference; fileEncoding = 4; lastKnownFileType = sourcecode.c.h; path = SSHolidayHK.h; sourceTree = "<group>"; };
		EE638C9D1B89DB450006DD1A /* SSHolidayHK.m */ = {isa = PBXFileReference; fileEncoding = 4; lastKnownFileType = sourcecode.c.objc; path = SSHolidayHK.m; sourceTree = "<group>"; };
		EE638C9E1B89DB450006DD1A /* SSHolidayManager.h */ = {isa = PBXFileReference; fileEncoding = 4; lastKnownFileType = sourcecode.c.h; path = SSHolidayManager.h; sourceTree = "<group>"; };
		EE638C9F1B89DB450006DD1A /* SSHolidayManager.m */ = {isa = PBXFileReference; fileEncoding = 4; lastKnownFileType = sourcecode.c.objc; path = SSHolidayManager.m; sourceTree = "<group>"; };
		EE638CA01B89DB450006DD1A /* SSHolidayTW.h */ = {isa = PBXFileReference; fileEncoding = 4; lastKnownFileType = sourcecode.c.h; path = SSHolidayTW.h; sourceTree = "<group>"; };
		EE638CA11B89DB450006DD1A /* SSHolidayTW.m */ = {isa = PBXFileReference; fileEncoding = 4; lastKnownFileType = sourcecode.c.objc; path = SSHolidayTW.m; sourceTree = "<group>"; };
		EE638CA21B89DB450006DD1A /* SSHolidayUK.h */ = {isa = PBXFileReference; fileEncoding = 4; lastKnownFileType = sourcecode.c.h; path = SSHolidayUK.h; sourceTree = "<group>"; };
		EE638CA31B89DB450006DD1A /* SSHolidayUK.m */ = {isa = PBXFileReference; fileEncoding = 4; lastKnownFileType = sourcecode.c.objc; path = SSHolidayUK.m; sourceTree = "<group>"; };
		EE638CA41B89DB450006DD1A /* SSHolidayUS.h */ = {isa = PBXFileReference; fileEncoding = 4; lastKnownFileType = sourcecode.c.h; path = SSHolidayUS.h; sourceTree = "<group>"; };
		EE638CA51B89DB450006DD1A /* SSHolidayUS.m */ = {isa = PBXFileReference; fileEncoding = 4; lastKnownFileType = sourcecode.c.objc; path = SSHolidayUS.m; sourceTree = "<group>"; };
		EE638CA61B89DB450006DD1A /* SSHolidayWest.h */ = {isa = PBXFileReference; fileEncoding = 4; lastKnownFileType = sourcecode.c.h; path = SSHolidayWest.h; sourceTree = "<group>"; };
		EE638CA71B89DB450006DD1A /* SSHolidayWest.m */ = {isa = PBXFileReference; fileEncoding = 4; lastKnownFileType = sourcecode.c.objc; path = SSHolidayWest.m; sourceTree = "<group>"; };
		EE638CA81B89DB450006DD1A /* SSLunarDate-Prefix.pch */ = {isa = PBXFileReference; fileEncoding = 4; lastKnownFileType = sourcecode.c.h; path = "SSLunarDate-Prefix.pch"; sourceTree = "<group>"; };
		EE638CA91B89DB450006DD1A /* SSLunarDate.h */ = {isa = PBXFileReference; fileEncoding = 4; lastKnownFileType = sourcecode.c.h; path = SSLunarDate.h; sourceTree = "<group>"; };
		EE638CAA1B89DB450006DD1A /* SSLunarDate.m */ = {isa = PBXFileReference; fileEncoding = 4; lastKnownFileType = sourcecode.c.objc; path = SSLunarDate.m; sourceTree = "<group>"; };
		EE638CAB1B89DB450006DD1A /* SSLunarDateFormatter.h */ = {isa = PBXFileReference; fileEncoding = 4; lastKnownFileType = sourcecode.c.h; path = SSLunarDateFormatter.h; sourceTree = "<group>"; };
		EE638CAC1B89DB450006DD1A /* SSLunarDateFormatter.m */ = {isa = PBXFileReference; fileEncoding = 4; lastKnownFileType = sourcecode.c.objc; path = SSLunarDateFormatter.m; sourceTree = "<group>"; };
		EE638CAD1B89DB450006DD1A /* SSLunarDateHoliday.h */ = {isa = PBXFileReference; fileEncoding = 4; lastKnownFileType = sourcecode.c.h; path = SSLunarDateHoliday.h; sourceTree = "<group>"; };
		EE638CAE1B89DB450006DD1A /* SSLunarDateHoliday.m */ = {isa = PBXFileReference; fileEncoding = 4; lastKnownFileType = sourcecode.c.objc; path = SSLunarDateHoliday.m; sourceTree = "<group>"; };
		EE638CAF1B89DB450006DD1A /* SSLunarDateType.h */ = {isa = PBXFileReference; fileEncoding = 4; lastKnownFileType = sourcecode.c.h; path = SSLunarDateType.h; sourceTree = "<group>"; };
		EE638CB01B89DB450006DD1A /* zh-Hans */ = {isa = PBXFileReference; lastKnownFileType = text.plist.strings; name = "zh-Hans"; path = "zh-Hans.lproj/LunarDateFormatter.strings"; sourceTree = "<group>"; };
		EE638CB11B89DB450006DD1A /* zh-Hant */ = {isa = PBXFileReference; lastKnownFileType = text.plist.strings; name = "zh-Hant"; path = "zh-Hant.lproj/LunarDateFormatter.strings"; sourceTree = "<group>"; };
		EE638CC11B89DB6E0006DD1A /* LoadViewExampleViewController.h */ = {isa = PBXFileReference; fileEncoding = 4; lastKnownFileType = sourcecode.c.h; path = LoadViewExampleViewController.h; sourceTree = SOURCE_ROOT; };
		EE638CC21B89DB6E0006DD1A /* LoadViewExampleViewController.m */ = {isa = PBXFileReference; fileEncoding = 4; lastKnownFileType = sourcecode.c.objc; path = LoadViewExampleViewController.m; sourceTree = SOURCE_ROOT; };
		EE638CC41B89DB7D0006DD1A /* ViewDidLoadExampleViewController.h */ = {isa = PBXFileReference; fileEncoding = 4; lastKnownFileType = sourcecode.c.h; path = ViewDidLoadExampleViewController.h; sourceTree = SOURCE_ROOT; };
		EE638CC51B89DB7D0006DD1A /* ViewDidLoadExampleViewController.m */ = {isa = PBXFileReference; fileEncoding = 4; lastKnownFileType = sourcecode.c.objc; path = ViewDidLoadExampleViewController.m; sourceTree = SOURCE_ROOT; };
		EE638CC71B89DB940006DD1A /* CalendarConfigViewController.h */ = {isa = PBXFileReference; fileEncoding = 4; lastKnownFileType = sourcecode.c.h; path = CalendarConfigViewController.h; sourceTree = SOURCE_ROOT; };
		EE638CC81B89DB940006DD1A /* CalendarConfigViewController.m */ = {isa = PBXFileReference; fileEncoding = 4; lastKnownFileType = sourcecode.c.objc; path = CalendarConfigViewController.m; sourceTree = SOURCE_ROOT; };
		EE638CCA1B89DBAC0006DD1A /* main.m */ = {isa = PBXFileReference; fileEncoding = 4; lastKnownFileType = sourcecode.c.objc; path = main.m; sourceTree = SOURCE_ROOT; };
		EE638CCC1B89DBD80006DD1A /* StoryboardExampleViewController.h */ = {isa = PBXFileReference; fileEncoding = 4; lastKnownFileType = sourcecode.c.h; path = StoryboardExampleViewController.h; sourceTree = SOURCE_ROOT; };
		EE638CCD1B89DBD80006DD1A /* StoryboardExampleViewController.m */ = {isa = PBXFileReference; fileEncoding = 4; lastKnownFileType = sourcecode.c.objc; path = StoryboardExampleViewController.m; sourceTree = SOURCE_ROOT; };
		EE638CCF1B89DBE90006DD1A /* AppDelegate.h */ = {isa = PBXFileReference; fileEncoding = 4; lastKnownFileType = sourcecode.c.h; path = AppDelegate.h; sourceTree = SOURCE_ROOT; };
		EE638CD01B89DBE90006DD1A /* AppDelegate.m */ = {isa = PBXFileReference; fileEncoding = 4; lastKnownFileType = sourcecode.c.objc; path = AppDelegate.m; sourceTree = SOURCE_ROOT; };
		EE638CD11B89DBE90006DD1A /* FSTableViewController.h */ = {isa = PBXFileReference; fileEncoding = 4; lastKnownFileType = sourcecode.c.h; path = FSTableViewController.h; sourceTree = SOURCE_ROOT; };
		EE638CD21B89DBE90006DD1A /* FSTableViewController.m */ = {isa = PBXFileReference; fileEncoding = 4; lastKnownFileType = sourcecode.c.objc; path = FSTableViewController.m; sourceTree = SOURCE_ROOT; };
		EE638CD61B89DC090006DD1A /* Base */ = {isa = PBXFileReference; lastKnownFileType = file.storyboard; name = Base; path = Base.lproj/Main_iPad.storyboard; sourceTree = SOURCE_ROOT; };
		EE638CD81B89DC0A0006DD1A /* Base */ = {isa = PBXFileReference; lastKnownFileType = file.storyboard; name = Base; path = Base.lproj/Main_iPhone.storyboard; sourceTree = SOURCE_ROOT; };
		EE638CDB1B89DC230006DD1A /* Images.xcassets */ = {isa = PBXFileReference; lastKnownFileType = folder.assetcatalog; path = Images.xcassets; sourceTree = SOURCE_ROOT; };
/* End PBXFileReference section */

/* Begin PBXFrameworksBuildPhase section */
		EE0D7FC41B89C5D3003C287B /* Frameworks */ = {
			isa = PBXFrameworksBuildPhase;
			buildActionMask = 2147483647;
			files = (
			);
			runOnlyForDeploymentPostprocessing = 0;
		};
/* End PBXFrameworksBuildPhase section */

/* Begin PBXGroup section */
		EE0D7FBE1B89C5D3003C287B = {
			isa = PBXGroup;
			children = (
				EE0D7FF01B89C6EA003C287B /* FSCalendar */,
				EE0D7FC91B89C5D3003C287B /* Example */,
				EE0D7FC81B89C5D3003C287B /* Products */,
			);
			sourceTree = "<group>";
		};
		EE0D7FC81B89C5D3003C287B /* Products */ = {
			isa = PBXGroup;
			children = (
				EE0D7FC71B89C5D3003C287B /* FSCalendar.app */,
			);
			name = Products;
			sourceTree = "<group>";
		};
		EE0D7FC91B89C5D3003C287B /* Example */ = {
			isa = PBXGroup;
			children = (
				EE638CD51B89DC090006DD1A /* Main_iPad.storyboard */,
				EE638CD71B89DC090006DD1A /* Main_iPhone.storyboard */,
				EE638CCF1B89DBE90006DD1A /* AppDelegate.h */,
				EE638CD01B89DBE90006DD1A /* AppDelegate.m */,
				EE638CD11B89DBE90006DD1A /* FSTableViewController.h */,
				EE638CD21B89DBE90006DD1A /* FSTableViewController.m */,
				EE0D80241B89C868003C287B /* Storyboard Example */,
				EE0D80231B89C853003C287B /* LoadView Example */,
				EE0D80251B89C874003C287B /* ViewDidLoad Example */,
				EE638C901B89DB450006DD1A /* SSLunarDate */,
				EE638CDB1B89DC230006DD1A /* Images.xcassets */,
				EE0D7FCA1B89C5D3003C287B /* Supporting Files */,
			);
			path = Example;
			sourceTree = "<group>";
		};
		EE0D7FCA1B89C5D3003C287B /* Supporting Files */ = {
			isa = PBXGroup;
			children = (
				EE0D7FCB1B89C5D3003C287B /* Info.plist */,
				EE638CCA1B89DBAC0006DD1A /* main.m */,
			);
			name = "Supporting Files";
			sourceTree = "<group>";
		};
		EE0D7FF01B89C6EA003C287B /* FSCalendar */ = {
			isa = PBXGroup;
			children = (
				EE0D7FF41B89C6EA003C287B /* FSCalendar.h */,
				EE0D7FF51B89C6EA003C287B /* FSCalendar.m */,
				EE0D7FF21B89C6EA003C287B /* FSCalendar+IBExtension.h */,
				EE0D7FF31B89C6EA003C287B /* FSCalendar+IBExtension.m */,
				EE0D7FF61B89C6EA003C287B /* FSCalendarAppearance.h */,
				EE0D7FF71B89C6EA003C287B /* FSCalendarAppearance.m */,
				EE0D7FF81B89C6EA003C287B /* FSCalendarCell.h */,
				EE0D7FF91B89C6EA003C287B /* FSCalendarCell.m */,
				EE0D7FFA1B89C6EA003C287B /* FSCalendarDynamicHeader.h */,
				EE0D7FFB1B89C6EA003C287B /* FSCalendarHeader.h */,
				EE0D7FFC1B89C6EA003C287B /* FSCalendarHeader.m */,
				EE0D7FFD1B89C6EA003C287B /* FSCalendarHeaderTouchDeliver.h */,
				EE0D7FFE1B89C6EA003C287B /* FSCalendarHeaderTouchDeliver.m */,
				EE0D7FFF1B89C6EA003C287B /* NSDate+FSExtension.h */,
				EE0D80001B89C6EA003C287B /* NSDate+FSExtension.m */,
				EE0D80011B89C6EA003C287B /* UIView+FSExtension.h */,
				EE0D80021B89C6EA003C287B /* UIView+FSExtension.m */,
			);
			name = FSCalendar;
			path = ../FSCalendar;
			sourceTree = "<group>";
		};
		EE0D80231B89C853003C287B /* LoadView Example */ = {
			isa = PBXGroup;
			children = (
				EE638CC11B89DB6E0006DD1A /* LoadViewExampleViewController.h */,
				EE638CC21B89DB6E0006DD1A /* LoadViewExampleViewController.m */,
			);
			name = "LoadView Example";
			sourceTree = "<group>";
		};
		EE0D80241B89C868003C287B /* Storyboard Example */ = {
			isa = PBXGroup;
			children = (
				EE638CCC1B89DBD80006DD1A /* StoryboardExampleViewController.h */,
				EE638CCD1B89DBD80006DD1A /* StoryboardExampleViewController.m */,
				EE638CC71B89DB940006DD1A /* CalendarConfigViewController.h */,
				EE638CC81B89DB940006DD1A /* CalendarConfigViewController.m */,
			);
			name = "Storyboard Example";
			sourceTree = "<group>";
		};
		EE0D80251B89C874003C287B /* ViewDidLoad Example */ = {
			isa = PBXGroup;
			children = (
				EE638CC41B89DB7D0006DD1A /* ViewDidLoadExampleViewController.h */,
				EE638CC51B89DB7D0006DD1A /* ViewDidLoadExampleViewController.m */,
			);
			name = "ViewDidLoad Example";
			sourceTree = "<group>";
		};
		EE638C901B89DB450006DD1A /* SSLunarDate */ = {
			isa = PBXGroup;
			children = (
				EE638C911B89DB450006DD1A /* LunarDateFormatter.strings */,
				EE638C941B89DB450006DD1A /* libLunar.c */,
				EE638C951B89DB450006DD1A /* libLunar.h */,
				EE638C961B89DB450006DD1A /* SSHolidayCA.h */,
				EE638C971B89DB450006DD1A /* SSHolidayCA.m */,
				EE638C981B89DB450006DD1A /* SSHolidayChina.h */,
				EE638C991B89DB450006DD1A /* SSHolidayChina.m */,
				EE638C9A1B89DB450006DD1A /* SSHolidayCountry.h */,
				EE638C9B1B89DB450006DD1A /* SSHolidayCountry.m */,
				EE638C9C1B89DB450006DD1A /* SSHolidayHK.h */,
				EE638C9D1B89DB450006DD1A /* SSHolidayHK.m */,
				EE638C9E1B89DB450006DD1A /* SSHolidayManager.h */,
				EE638C9F1B89DB450006DD1A /* SSHolidayManager.m */,
				EE638CA01B89DB450006DD1A /* SSHolidayTW.h */,
				EE638CA11B89DB450006DD1A /* SSHolidayTW.m */,
				EE638CA21B89DB450006DD1A /* SSHolidayUK.h */,
				EE638CA31B89DB450006DD1A /* SSHolidayUK.m */,
				EE638CA41B89DB450006DD1A /* SSHolidayUS.h */,
				EE638CA51B89DB450006DD1A /* SSHolidayUS.m */,
				EE638CA61B89DB450006DD1A /* SSHolidayWest.h */,
				EE638CA71B89DB450006DD1A /* SSHolidayWest.m */,
				EE638CA81B89DB450006DD1A /* SSLunarDate-Prefix.pch */,
				EE638CA91B89DB450006DD1A /* SSLunarDate.h */,
				EE638CAA1B89DB450006DD1A /* SSLunarDate.m */,
				EE638CAB1B89DB450006DD1A /* SSLunarDateFormatter.h */,
				EE638CAC1B89DB450006DD1A /* SSLunarDateFormatter.m */,
				EE638CAD1B89DB450006DD1A /* SSLunarDateHoliday.h */,
				EE638CAE1B89DB450006DD1A /* SSLunarDateHoliday.m */,
				EE638CAF1B89DB450006DD1A /* SSLunarDateType.h */,
			);
			path = SSLunarDate;
			sourceTree = SOURCE_ROOT;
		};
/* End PBXGroup section */

/* Begin PBXNativeTarget section */
		EE0D7FC61B89C5D3003C287B /* FSCalendar */ = {
			isa = PBXNativeTarget;
			buildConfigurationList = EE0D7FEA1B89C5D3003C287B /* Build configuration list for PBXNativeTarget "FSCalendar" */;
			buildPhases = (
				EE0D7FC31B89C5D3003C287B /* Sources */,
				EE0D7FC41B89C5D3003C287B /* Frameworks */,
				EE0D7FC51B89C5D3003C287B /* Resources */,
			);
			buildRules = (
			);
			dependencies = (
			);
			name = FSCalendar;
			productName = FSCalendar;
			productReference = EE0D7FC71B89C5D3003C287B /* FSCalendar.app */;
			productType = "com.apple.product-type.application";
		};
/* End PBXNativeTarget section */

/* Begin PBXProject section */
		EE0D7FBF1B89C5D3003C287B /* Project object */ = {
			isa = PBXProject;
			attributes = {
				LastUpgradeCheck = 0640;
				ORGANIZATIONNAME = wenchaoios;
				TargetAttributes = {
					EE0D7FC61B89C5D3003C287B = {
						CreatedOnToolsVersion = 6.4;
					};
				};
			};
			buildConfigurationList = EE0D7FC21B89C5D3003C287B /* Build configuration list for PBXProject "FSCalendar" */;
			compatibilityVersion = "Xcode 3.2";
			developmentRegion = English;
			hasScannedForEncodings = 0;
			knownRegions = (
				en,
				Base,
				ja,
				"zh-Hans",
				"zh-Hant",
			);
			mainGroup = EE0D7FBE1B89C5D3003C287B;
			productRefGroup = EE0D7FC81B89C5D3003C287B /* Products */;
			projectDirPath = "";
			projectRoot = "";
			targets = (
				EE0D7FC61B89C5D3003C287B /* FSCalendar */,
			);
		};
/* End PBXProject section */

/* Begin PBXResourcesBuildPhase section */
		EE0D7FC51B89C5D3003C287B /* Resources */ = {
			isa = PBXResourcesBuildPhase;
			buildActionMask = 2147483647;
			files = (
				EE638CDA1B89DC0A0006DD1A /* Main_iPhone.storyboard in Resources */,
				EE638CDC1B89DC230006DD1A /* Images.xcassets in Resources */,
				EE638CD91B89DC0A0006DD1A /* Main_iPad.storyboard in Resources */,
				EE638CB21B89DB450006DD1A /* LunarDateFormatter.strings in Resources */,
			);
			runOnlyForDeploymentPostprocessing = 0;
		};
/* End PBXResourcesBuildPhase section */

/* Begin PBXSourcesBuildPhase section */
		EE0D7FC31B89C5D3003C287B /* Sources */ = {
			isa = PBXSourcesBuildPhase;
			buildActionMask = 2147483647;
			files = (
				EE638CCE1B89DBD80006DD1A /* StoryboardExampleViewController.m in Sources */,
				EE638CC91B89DB940006DD1A /* CalendarConfigViewController.m in Sources */,
				EE638CD31B89DBE90006DD1A /* AppDelegate.m in Sources */,
				EE638CBC1B89DB450006DD1A /* SSHolidayWest.m in Sources */,
				EE638CBB1B89DB450006DD1A /* SSHolidayUS.m in Sources */,
				EE0D800B1B89C6EA003C287B /* UIView+FSExtension.m in Sources */,
				EE638CD41B89DBE90006DD1A /* FSTableViewController.m in Sources */,
				EE0D80061B89C6EA003C287B /* FSCalendarAppearance.m in Sources */,
				EE638CCB1B89DBAC0006DD1A /* main.m in Sources */,
				EE0D80081B89C6EA003C287B /* FSCalendarHeader.m in Sources */,
				EE638CB51B89DB450006DD1A /* SSHolidayChina.m in Sources */,
				EE638CB31B89DB450006DD1A /* libLunar.c in Sources */,
				EE0D80071B89C6EA003C287B /* FSCalendarCell.m in Sources */,
				EE0D80041B89C6EA003C287B /* FSCalendar+IBExtension.m in Sources */,
				EE638CBA1B89DB450006DD1A /* SSHolidayUK.m in Sources */,
				EE0D80091B89C6EA003C287B /* FSCalendarHeaderTouchDeliver.m in Sources */,
				EE0D80051B89C6EA003C287B /* FSCalendar.m in Sources */,
				EE0D800A1B89C6EA003C287B /* NSDate+FSExtension.m in Sources */,
				EE638CC61B89DB7D0006DD1A /* ViewDidLoadExampleViewController.m in Sources */,
				EE638CB91B89DB450006DD1A /* SSHolidayTW.m in Sources */,
				EE638CBE1B89DB450006DD1A /* SSLunarDateFormatter.m in Sources */,
				EE638CB71B89DB450006DD1A /* SSHolidayHK.m in Sources */,
				EE638CB81B89DB450006DD1A /* SSHolidayManager.m in Sources */,
				EE638CBF1B89DB450006DD1A /* SSLunarDateHoliday.m in Sources */,
				EE638CB41B89DB450006DD1A /* SSHolidayCA.m in Sources */,
				EE638CC31B89DB6E0006DD1A /* LoadViewExampleViewController.m in Sources */,
				EE638CBD1B89DB450006DD1A /* SSLunarDate.m in Sources */,
				EE638CB61B89DB450006DD1A /* SSHolidayCountry.m in Sources */,
			);
			runOnlyForDeploymentPostprocessing = 0;
		};
/* End PBXSourcesBuildPhase section */

/* Begin PBXVariantGroup section */
		EE638C911B89DB450006DD1A /* LunarDateFormatter.strings */ = {
			isa = PBXVariantGroup;
			children = (
				EE638C921B89DB450006DD1A /* en */,
				EE638C931B89DB450006DD1A /* ja */,
				EE638CB01B89DB450006DD1A /* zh-Hans */,
				EE638CB11B89DB450006DD1A /* zh-Hant */,
			);
			name = LunarDateFormatter.strings;
			sourceTree = "<group>";
		};
		EE638CD51B89DC090006DD1A /* Main_iPad.storyboard */ = {
			isa = PBXVariantGroup;
			children = (
				EE638CD61B89DC090006DD1A /* Base */,
			);
			name = Main_iPad.storyboard;
			sourceTree = "<group>";
		};
		EE638CD71B89DC090006DD1A /* Main_iPhone.storyboard */ = {
			isa = PBXVariantGroup;
			children = (
				EE638CD81B89DC0A0006DD1A /* Base */,
			);
			name = Main_iPhone.storyboard;
			sourceTree = "<group>";
		};
/* End PBXVariantGroup section */

/* Begin XCBuildConfiguration section */
		EE0D7FE81B89C5D3003C287B /* Debug */ = {
			isa = XCBuildConfiguration;
			buildSettings = {
				ALWAYS_SEARCH_USER_PATHS = NO;
				CLANG_CXX_LANGUAGE_STANDARD = "gnu++0x";
				CLANG_CXX_LIBRARY = "libc++";
				CLANG_ENABLE_MODULES = YES;
				CLANG_ENABLE_OBJC_ARC = YES;
				CLANG_WARN_BOOL_CONVERSION = YES;
				CLANG_WARN_CONSTANT_CONVERSION = YES;
				CLANG_WARN_DIRECT_OBJC_ISA_USAGE = YES_ERROR;
				CLANG_WARN_EMPTY_BODY = YES;
				CLANG_WARN_ENUM_CONVERSION = YES;
				CLANG_WARN_INT_CONVERSION = YES;
				CLANG_WARN_OBJC_ROOT_CLASS = YES_ERROR;
				CLANG_WARN_UNREACHABLE_CODE = YES;
				CLANG_WARN__DUPLICATE_METHOD_MATCH = YES;
				"CODE_SIGN_IDENTITY[sdk=iphoneos*]" = "iPhone Developer";
				COPY_PHASE_STRIP = NO;
				DEBUG_INFORMATION_FORMAT = "dwarf-with-dsym";
				ENABLE_STRICT_OBJC_MSGSEND = YES;
				GCC_C_LANGUAGE_STANDARD = gnu99;
				GCC_DYNAMIC_NO_PIC = NO;
				GCC_NO_COMMON_BLOCKS = YES;
				GCC_OPTIMIZATION_LEVEL = 0;
				GCC_PREPROCESSOR_DEFINITIONS = (
					"DEBUG=1",
					"$(inherited)",
				);
				GCC_SYMBOLS_PRIVATE_EXTERN = NO;
				GCC_WARN_64_TO_32_BIT_CONVERSION = YES;
				GCC_WARN_ABOUT_RETURN_TYPE = YES_ERROR;
				GCC_WARN_UNDECLARED_SELECTOR = YES;
				GCC_WARN_UNINITIALIZED_AUTOS = YES_AGGRESSIVE;
				GCC_WARN_UNUSED_FUNCTION = YES;
				GCC_WARN_UNUSED_VARIABLE = YES;
				IPHONEOS_DEPLOYMENT_TARGET = 7.0;
				MTL_ENABLE_DEBUG_INFO = YES;
				ONLY_ACTIVE_ARCH = YES;
				SDKROOT = iphoneos;
			};
			name = Debug;
		};
		EE0D7FE91B89C5D3003C287B /* Release */ = {
			isa = XCBuildConfiguration;
			buildSettings = {
				ALWAYS_SEARCH_USER_PATHS = NO;
				CLANG_CXX_LANGUAGE_STANDARD = "gnu++0x";
				CLANG_CXX_LIBRARY = "libc++";
				CLANG_ENABLE_MODULES = YES;
				CLANG_ENABLE_OBJC_ARC = YES;
				CLANG_WARN_BOOL_CONVERSION = YES;
				CLANG_WARN_CONSTANT_CONVERSION = YES;
				CLANG_WARN_DIRECT_OBJC_ISA_USAGE = YES_ERROR;
				CLANG_WARN_EMPTY_BODY = YES;
				CLANG_WARN_ENUM_CONVERSION = YES;
				CLANG_WARN_INT_CONVERSION = YES;
				CLANG_WARN_OBJC_ROOT_CLASS = YES_ERROR;
				CLANG_WARN_UNREACHABLE_CODE = YES;
				CLANG_WARN__DUPLICATE_METHOD_MATCH = YES;
				"CODE_SIGN_IDENTITY[sdk=iphoneos*]" = "iPhone Developer";
				COPY_PHASE_STRIP = NO;
				DEBUG_INFORMATION_FORMAT = "dwarf-with-dsym";
				ENABLE_NS_ASSERTIONS = NO;
				ENABLE_STRICT_OBJC_MSGSEND = YES;
				GCC_C_LANGUAGE_STANDARD = gnu99;
				GCC_NO_COMMON_BLOCKS = YES;
				GCC_WARN_64_TO_32_BIT_CONVERSION = YES;
				GCC_WARN_ABOUT_RETURN_TYPE = YES_ERROR;
				GCC_WARN_UNDECLARED_SELECTOR = YES;
				GCC_WARN_UNINITIALIZED_AUTOS = YES_AGGRESSIVE;
				GCC_WARN_UNUSED_FUNCTION = YES;
				GCC_WARN_UNUSED_VARIABLE = YES;
				IPHONEOS_DEPLOYMENT_TARGET = 7.0;
				MTL_ENABLE_DEBUG_INFO = NO;
				SDKROOT = iphoneos;
				VALIDATE_PRODUCT = YES;
			};
			name = Release;
		};
		EE0D7FEB1B89C5D3003C287B /* Debug */ = {
			isa = XCBuildConfiguration;
			buildSettings = {
				ASSETCATALOG_COMPILER_APPICON_NAME = AppIcon;
				ASSETCATALOG_COMPILER_LAUNCHIMAGE_NAME = LaunchImage;
				INFOPLIST_FILE = "$(SRCROOT)/Info.plist";
				IPHONEOS_DEPLOYMENT_TARGET = 7.0;
				LD_RUNPATH_SEARCH_PATHS = "$(inherited) @executable_path/Frameworks";
				PRODUCT_NAME = "$(TARGET_NAME)";
				TARGETED_DEVICE_FAMILY = "1,2";
			};
			name = Debug;
		};
		EE0D7FEC1B89C5D3003C287B /* Release */ = {
			isa = XCBuildConfiguration;
			buildSettings = {
				ASSETCATALOG_COMPILER_APPICON_NAME = AppIcon;
				ASSETCATALOG_COMPILER_LAUNCHIMAGE_NAME = LaunchImage;
				INFOPLIST_FILE = "$(SRCROOT)/Info.plist";
				IPHONEOS_DEPLOYMENT_TARGET = 7.0;
				LD_RUNPATH_SEARCH_PATHS = "$(inherited) @executable_path/Frameworks";
				PRODUCT_NAME = "$(TARGET_NAME)";
				TARGETED_DEVICE_FAMILY = "1,2";
			};
			name = Release;
		};
/* End XCBuildConfiguration section */

/* Begin XCConfigurationList section */
		EE0D7FC21B89C5D3003C287B /* Build configuration list for PBXProject "FSCalendar" */ = {
			isa = XCConfigurationList;
			buildConfigurations = (
				EE0D7FE81B89C5D3003C287B /* Debug */,
				EE0D7FE91B89C5D3003C287B /* Release */,
			);
			defaultConfigurationIsVisible = 0;
			defaultConfigurationName = Release;
		};
		EE0D7FEA1B89C5D3003C287B /* Build configuration list for PBXNativeTarget "FSCalendar" */ = {
			isa = XCConfigurationList;
			buildConfigurations = (
				EE0D7FEB1B89C5D3003C287B /* Debug */,
				EE0D7FEC1B89C5D3003C287B /* Release */,
			);
			defaultConfigurationIsVisible = 0;
			defaultConfigurationName = Release;
		};
/* End XCConfigurationList section */
	};
	rootObject = EE0D7FBF1B89C5D3003C287B /* Project object */;
}
